// !$*UTF8*$!
{
	archiveVersion = 1;
	classes = {
	};
	objectVersion = 50;
	objects = {

/* Begin PBXAggregateTarget section */
		6D4679AC256A5614006D57DD /* UniversalDevilCore */ = {
			isa = PBXAggregateTarget;
			buildConfigurationList = 6D4679AD256A5614006D57DD /* Build configuration list for PBXAggregateTarget "UniversalDevilCore" */;
			buildPhases = (
				6D4679B2256A5638006D57DD /* ShellScript */,
			);
			dependencies = (
			);
			name = UniversalDevilCore;
			productName = UniversalDevilCore;
		};
/* End PBXAggregateTarget section */

/* Begin PBXBuildFile section */
		6D4433692588065400B0E616 /* JevilCtx.h in Headers */ = {isa = PBXBuildFile; fileRef = 6D4433672588065400B0E616 /* JevilCtx.h */; };
		6D44336A2588065400B0E616 /* JevilCtx.m in Sources */ = {isa = PBXBuildFile; fileRef = 6D4433682588065400B0E616 /* JevilCtx.m */; };
		6D44336F25881C3800B0E616 /* Jevil.h in Headers */ = {isa = PBXBuildFile; fileRef = 6D44336D25881C3800B0E616 /* Jevil.h */; };
		6D44337025881C3800B0E616 /* Jevil.m in Sources */ = {isa = PBXBuildFile; fileRef = 6D44336E25881C3800B0E616 /* Jevil.m */; };
		6D4679A6256A4980006D57DD /* LICENSE in Resources */ = {isa = PBXBuildFile; fileRef = 6D4679A4256A4980006D57DD /* LICENSE */; };
		6D4679E7256AA5EA006D57DD /* DevilSdk.h in Headers */ = {isa = PBXBuildFile; fileRef = 6D4679E3256AA5E9006D57DD /* DevilSdk.h */; settings = {ATTRIBUTES = (Public, ); }; };
		6D4679E8256AA5EA006D57DD /* devilcore.h in Headers */ = {isa = PBXBuildFile; fileRef = 6D4679E4256AA5E9006D57DD /* devilcore.h */; settings = {ATTRIBUTES = (Public, ); }; };
		6D4679E9256AA5EA006D57DD /* DevilSdk.m in Sources */ = {isa = PBXBuildFile; fileRef = 6D4679E5256AA5E9006D57DD /* DevilSdk.m */; };
		6D467A83256AB07A006D57DD /* WildCardNextChain.m in Sources */ = {isa = PBXBuildFile; fileRef = 6D467A37256AB079006D57DD /* WildCardNextChain.m */; };
		6D467A84256AB07A006D57DD /* WildCardCollectionViewHelper.h in Headers */ = {isa = PBXBuildFile; fileRef = 6D467A38256AB079006D57DD /* WildCardCollectionViewHelper.h */; settings = {ATTRIBUTES = (Public, ); }; };
		6D467A85256AB07A006D57DD /* WildCardMeta.h in Headers */ = {isa = PBXBuildFile; fileRef = 6D467A39256AB079006D57DD /* WildCardMeta.h */; settings = {ATTRIBUTES = (Public, ); }; };
		6D467A86256AB07A006D57DD /* WildCardUIView.h in Headers */ = {isa = PBXBuildFile; fileRef = 6D467A3A256AB079006D57DD /* WildCardUIView.h */; settings = {ATTRIBUTES = (Public, ); }; };
		6D467A87256AB07A006D57DD /* WildCardLayoutPathUnit.h in Headers */ = {isa = PBXBuildFile; fileRef = 6D467A3B256AB079006D57DD /* WildCardLayoutPathUnit.h */; settings = {ATTRIBUTES = (Public, ); }; };
		6D467A88256AB07A006D57DD /* MappingSyntaxInterpreter.h in Headers */ = {isa = PBXBuildFile; fileRef = 6D467A3C256AB079006D57DD /* MappingSyntaxInterpreter.h */; settings = {ATTRIBUTES = (Public, ); }; };
		6D467A89256AB07A006D57DD /* WildCardIndicatorView.h in Headers */ = {isa = PBXBuildFile; fileRef = 6D467A3E256AB079006D57DD /* WildCardIndicatorView.h */; settings = {ATTRIBUTES = (Public, ); }; };
		6D467A8A256AB07A006D57DD /* WildCardLCAnimatedPageControl.h in Headers */ = {isa = PBXBuildFile; fileRef = 6D467A3F256AB079006D57DD /* WildCardLCAnimatedPageControl.h */; settings = {ATTRIBUTES = (Public, ); }; };
		6D467A8B256AB07A006D57DD /* WildCardUITextField.h in Headers */ = {isa = PBXBuildFile; fileRef = 6D467A40256AB079006D57DD /* WildCardUITextField.h */; settings = {ATTRIBUTES = (Public, ); }; };
		6D467A8C256AB07A006D57DD /* WildCardLCAnimatedPageControl.m in Sources */ = {isa = PBXBuildFile; fileRef = 6D467A41256AB079006D57DD /* WildCardLCAnimatedPageControl.m */; };
		6D467A8D256AB07A006D57DD /* WildCardIndicatorView.m in Sources */ = {isa = PBXBuildFile; fileRef = 6D467A42256AB079006D57DD /* WildCardIndicatorView.m */; };
		6D467A8E256AB07A006D57DD /* WildCardUITextField.m in Sources */ = {isa = PBXBuildFile; fileRef = 6D467A43256AB079006D57DD /* WildCardUITextField.m */; };
		6D467A8F256AB07A006D57DD /* ReplaceRuleColor.h in Headers */ = {isa = PBXBuildFile; fileRef = 6D467A45256AB079006D57DD /* ReplaceRuleColor.h */; settings = {ATTRIBUTES = (Public, ); }; };
		6D467A90256AB07A006D57DD /* ReplaceRuleExtension.m in Sources */ = {isa = PBXBuildFile; fileRef = 6D467A46256AB07A006D57DD /* ReplaceRuleExtension.m */; };
		6D467A91256AB07A006D57DD /* ReplaceRule.h in Headers */ = {isa = PBXBuildFile; fileRef = 6D467A47256AB07A006D57DD /* ReplaceRule.h */; settings = {ATTRIBUTES = (Public, ); }; };
		6D467A92256AB07A006D57DD /* ReplaceRuleImage.m in Sources */ = {isa = PBXBuildFile; fileRef = 6D467A48256AB07A006D57DD /* ReplaceRuleImage.m */; };
		6D467A93256AB07A006D57DD /* ReplaceRuleRepeat.m in Sources */ = {isa = PBXBuildFile; fileRef = 6D467A49256AB07A006D57DD /* ReplaceRuleRepeat.m */; };
		6D467A94256AB07A006D57DD /* ReplaceRuleLocalImage.h in Headers */ = {isa = PBXBuildFile; fileRef = 6D467A4A256AB07A006D57DD /* ReplaceRuleLocalImage.h */; settings = {ATTRIBUTES = (Public, ); }; };
		6D467A95256AB07A006D57DD /* ReplaceRuleClick.m in Sources */ = {isa = PBXBuildFile; fileRef = 6D467A4B256AB07A006D57DD /* ReplaceRuleClick.m */; };
		6D467A96256AB07A006D57DD /* ReplaceRuleText.h in Headers */ = {isa = PBXBuildFile; fileRef = 6D467A4C256AB07A006D57DD /* ReplaceRuleText.h */; settings = {ATTRIBUTES = (Public, ); }; };
		6D467A97256AB07A006D57DD /* ReplaceRuleHidden.m in Sources */ = {isa = PBXBuildFile; fileRef = 6D467A4D256AB07A006D57DD /* ReplaceRuleHidden.m */; };
		6D467A98256AB07A006D57DD /* ReplaceRuleImageResource.h in Headers */ = {isa = PBXBuildFile; fileRef = 6D467A4E256AB07A006D57DD /* ReplaceRuleImageResource.h */; settings = {ATTRIBUTES = (Public, ); }; };
		6D467A99256AB07A006D57DD /* ReplaceRuleReplaceUrl.m in Sources */ = {isa = PBXBuildFile; fileRef = 6D467A4F256AB07A006D57DD /* ReplaceRuleReplaceUrl.m */; };
		6D467A9A256AB07A006D57DD /* ReplaceRuleRepeat.h in Headers */ = {isa = PBXBuildFile; fileRef = 6D467A50256AB07A006D57DD /* ReplaceRuleRepeat.h */; settings = {ATTRIBUTES = (Public, ); }; };
		6D467A9B256AB07A006D57DD /* ReplaceRule.m in Sources */ = {isa = PBXBuildFile; fileRef = 6D467A51256AB07A006D57DD /* ReplaceRule.m */; };
		6D467A9C256AB07A006D57DD /* ReplaceRuleImage.h in Headers */ = {isa = PBXBuildFile; fileRef = 6D467A52256AB07A006D57DD /* ReplaceRuleImage.h */; settings = {ATTRIBUTES = (Public, ); }; };
		6D467A9D256AB07A006D57DD /* ReplaceRuleExtension.h in Headers */ = {isa = PBXBuildFile; fileRef = 6D467A53256AB07A006D57DD /* ReplaceRuleExtension.h */; settings = {ATTRIBUTES = (Public, ); }; };
		6D467A9E256AB07A006D57DD /* ReplaceRuleColor.m in Sources */ = {isa = PBXBuildFile; fileRef = 6D467A54256AB07A006D57DD /* ReplaceRuleColor.m */; };
		6D467A9F256AB07A006D57DD /* ReplaceRuleClick.h in Headers */ = {isa = PBXBuildFile; fileRef = 6D467A55256AB07A006D57DD /* ReplaceRuleClick.h */; settings = {ATTRIBUTES = (Public, ); }; };
		6D467AA0256AB07A006D57DD /* ReplaceRuleLocalImage.m in Sources */ = {isa = PBXBuildFile; fileRef = 6D467A56256AB07A006D57DD /* ReplaceRuleLocalImage.m */; };
		6D467AA1256AB07A006D57DD /* ReplaceRuleImageResource.m in Sources */ = {isa = PBXBuildFile; fileRef = 6D467A57256AB07A006D57DD /* ReplaceRuleImageResource.m */; };
		6D467AA2256AB07A006D57DD /* ReplaceRuleHidden.h in Headers */ = {isa = PBXBuildFile; fileRef = 6D467A58256AB07A006D57DD /* ReplaceRuleHidden.h */; settings = {ATTRIBUTES = (Public, ); }; };
		6D467AA3256AB07A006D57DD /* ReplaceRuleText.m in Sources */ = {isa = PBXBuildFile; fileRef = 6D467A59256AB07A006D57DD /* ReplaceRuleText.m */; };
		6D467AA4256AB07A006D57DD /* ReplaceRuleReplaceUrl.h in Headers */ = {isa = PBXBuildFile; fileRef = 6D467A5A256AB07A006D57DD /* ReplaceRuleReplaceUrl.h */; settings = {ATTRIBUTES = (Public, ); }; };
		6D467AA5256AB07A006D57DD /* WildCardFunction.h in Headers */ = {isa = PBXBuildFile; fileRef = 6D467A5B256AB07A006D57DD /* WildCardFunction.h */; settings = {ATTRIBUTES = (Public, ); }; };
		6D467AA6256AB07A006D57DD /* WildCardExtensionConstructor.h in Headers */ = {isa = PBXBuildFile; fileRef = 6D467A5C256AB07A006D57DD /* WildCardExtensionConstructor.h */; settings = {ATTRIBUTES = (Public, ); }; };
		6D467AA7256AB07A006D57DD /* WildCardScreenTableView.m in Sources */ = {isa = PBXBuildFile; fileRef = 6D467A5D256AB07A006D57DD /* WildCardScreenTableView.m */; };
		6D467AA8256AB07A006D57DD /* WildCardConstructor.h in Headers */ = {isa = PBXBuildFile; fileRef = 6D467A5E256AB07A006D57DD /* WildCardConstructor.h */; settings = {ATTRIBUTES = (Public, ); }; };
		6D467AA9256AB07A006D57DD /* WildCardUtil.h in Headers */ = {isa = PBXBuildFile; fileRef = 6D467A5F256AB07A006D57DD /* WildCardUtil.h */; settings = {ATTRIBUTES = (Public, ); }; };
		6D467AAA256AB07A006D57DD /* WildCardUIView.m in Sources */ = {isa = PBXBuildFile; fileRef = 6D467A60256AB07A006D57DD /* WildCardUIView.m */; };
		6D467AAB256AB07A006D57DD /* WildCardMeta.m in Sources */ = {isa = PBXBuildFile; fileRef = 6D467A61256AB07A006D57DD /* WildCardMeta.m */; };
		6D467AAC256AB07A006D57DD /* WildCardCollectionViewHelper.m in Sources */ = {isa = PBXBuildFile; fileRef = 6D467A62256AB07A006D57DD /* WildCardCollectionViewHelper.m */; };
		6D467AAD256AB07A006D57DD /* WildCardNextChain.h in Headers */ = {isa = PBXBuildFile; fileRef = 6D467A63256AB07A006D57DD /* WildCardNextChain.h */; settings = {ATTRIBUTES = (Public, ); }; };
		6D467AAE256AB07A006D57DD /* MappingSyntaxInterpreter.m in Sources */ = {isa = PBXBuildFile; fileRef = 6D467A64256AB07A006D57DD /* MappingSyntaxInterpreter.m */; };
		6D467AAF256AB07A006D57DD /* WildCardLayoutPathUnit.m in Sources */ = {isa = PBXBuildFile; fileRef = 6D467A65256AB07A006D57DD /* WildCardLayoutPathUnit.m */; };
		6D467AB0256AB07A006D57DD /* WildCardGridView.h in Headers */ = {isa = PBXBuildFile; fileRef = 6D467A67256AB07A006D57DD /* WildCardGridView.h */; settings = {ATTRIBUTES = (Public, ); }; };
		6D467AB1256AB07A006D57DD /* WildCardCollectionViewAdapter.h in Headers */ = {isa = PBXBuildFile; fileRef = 6D467A68256AB07A006D57DD /* WildCardCollectionViewAdapter.h */; settings = {ATTRIBUTES = (Public, ); }; };
		6D467AB2256AB07A006D57DD /* WildCardUILabel.m in Sources */ = {isa = PBXBuildFile; fileRef = 6D467A69256AB07A006D57DD /* WildCardUILabel.m */; };
		6D467AB3256AB07A006D57DD /* WildCardGridView.m in Sources */ = {isa = PBXBuildFile; fileRef = 6D467A6A256AB07A006D57DD /* WildCardGridView.m */; };
		6D467AB4256AB07A006D57DD /* WildCardCollectionViewAdapter.m in Sources */ = {isa = PBXBuildFile; fileRef = 6D467A6B256AB07A006D57DD /* WildCardCollectionViewAdapter.m */; };
		6D467AB5256AB07A006D57DD /* WildCardUILabel.h in Headers */ = {isa = PBXBuildFile; fileRef = 6D467A6C256AB07A006D57DD /* WildCardUILabel.h */; settings = {ATTRIBUTES = (Public, ); }; };
		6D467AB6256AB07A006D57DD /* WildCardViewPagerRightAction.m in Sources */ = {isa = PBXBuildFile; fileRef = 6D467A6E256AB07A006D57DD /* WildCardViewPagerRightAction.m */; };
		6D467AB7256AB07A006D57DD /* WildCardSetTextAction.m in Sources */ = {isa = PBXBuildFile; fileRef = 6D467A6F256AB07A006D57DD /* WildCardSetTextAction.m */; };
		6D467AB8256AB07A006D57DD /* WildCardCustomAction.h in Headers */ = {isa = PBXBuildFile; fileRef = 6D467A70256AB07A006D57DD /* WildCardCustomAction.h */; settings = {ATTRIBUTES = (Public, ); }; };
		6D467AB9256AB07A006D57DD /* WildCardAction.m in Sources */ = {isa = PBXBuildFile; fileRef = 6D467A71256AB07A006D57DD /* WildCardAction.m */; };
		6D467ABA256AB07A006D57DD /* WildCardUITapGestureRecognizer.h in Headers */ = {isa = PBXBuildFile; fileRef = 6D467A72256AB07A006D57DD /* WildCardUITapGestureRecognizer.h */; settings = {ATTRIBUTES = (Public, ); }; };
		6D467ABB256AB07A006D57DD /* WildCardViewPagerLeftAction.m in Sources */ = {isa = PBXBuildFile; fileRef = 6D467A73256AB07A006D57DD /* WildCardViewPagerLeftAction.m */; };
		6D467ABC256AB07A006D57DD /* WildCardTrigger.m in Sources */ = {isa = PBXBuildFile; fileRef = 6D467A74256AB07A006D57DD /* WildCardTrigger.m */; };
		6D467ABD256AB07A006D57DD /* WildCardApplyAgainAction.m in Sources */ = {isa = PBXBuildFile; fileRef = 6D467A75256AB07A006D57DD /* WildCardApplyAgainAction.m */; };
		6D467ABE256AB07A006D57DD /* WildCardViewPagerRightAction.h in Headers */ = {isa = PBXBuildFile; fileRef = 6D467A76256AB07A006D57DD /* WildCardViewPagerRightAction.h */; settings = {ATTRIBUTES = (Public, ); }; };
		6D467ABF256AB07A006D57DD /* WildCardUITapGestureRecognizer.m in Sources */ = {isa = PBXBuildFile; fileRef = 6D467A77256AB07A006D57DD /* WildCardUITapGestureRecognizer.m */; };
		6D467AC0256AB07A006D57DD /* WildCardAction.h in Headers */ = {isa = PBXBuildFile; fileRef = 6D467A78256AB07A006D57DD /* WildCardAction.h */; settings = {ATTRIBUTES = (Public, ); }; };
		6D467AC1256AB07A006D57DD /* WildCardCustomAction.m in Sources */ = {isa = PBXBuildFile; fileRef = 6D467A79256AB07A006D57DD /* WildCardCustomAction.m */; };
		6D467AC2256AB07A006D57DD /* WildCardSetTextAction.h in Headers */ = {isa = PBXBuildFile; fileRef = 6D467A7A256AB07A006D57DD /* WildCardSetTextAction.h */; settings = {ATTRIBUTES = (Public, ); }; };
		6D467AC3256AB07A006D57DD /* WildCardTrigger.h in Headers */ = {isa = PBXBuildFile; fileRef = 6D467A7B256AB07A006D57DD /* WildCardTrigger.h */; settings = {ATTRIBUTES = (Public, ); }; };
		6D467AC4256AB07A006D57DD /* WildCardViewPagerLeftAction.h in Headers */ = {isa = PBXBuildFile; fileRef = 6D467A7C256AB07A006D57DD /* WildCardViewPagerLeftAction.h */; settings = {ATTRIBUTES = (Public, ); }; };
		6D467AC5256AB07A006D57DD /* WildCardApplyAgainAction.h in Headers */ = {isa = PBXBuildFile; fileRef = 6D467A7D256AB07A006D57DD /* WildCardApplyAgainAction.h */; settings = {ATTRIBUTES = (Public, ); }; };
		6D467AC6256AB07A006D57DD /* WildCardExtensionConstructor.m in Sources */ = {isa = PBXBuildFile; fileRef = 6D467A7E256AB07A006D57DD /* WildCardExtensionConstructor.m */; };
		6D467AC7256AB07A006D57DD /* WildCardFunction.m in Sources */ = {isa = PBXBuildFile; fileRef = 6D467A7F256AB07A006D57DD /* WildCardFunction.m */; };
		6D467AC8256AB07A006D57DD /* WildCardUtil.m in Sources */ = {isa = PBXBuildFile; fileRef = 6D467A80256AB07A006D57DD /* WildCardUtil.m */; };
		6D467AC9256AB07A006D57DD /* WildCardConstructor.m in Sources */ = {isa = PBXBuildFile; fileRef = 6D467A81256AB07A006D57DD /* WildCardConstructor.m */; };
		6D467ACA256AB07A006D57DD /* WildCardScreenTableView.h in Headers */ = {isa = PBXBuildFile; fileRef = 6D467A82256AB07A006D57DD /* WildCardScreenTableView.h */; settings = {ATTRIBUTES = (Public, ); }; };
		6D467B62257A268C006D57DD /* DevilHeader.h in Headers */ = {isa = PBXBuildFile; fileRef = 6D467B60257A268C006D57DD /* DevilHeader.h */; settings = {ATTRIBUTES = (Public, ); }; };
		6D467B63257A268C006D57DD /* DevilHeader.m in Sources */ = {isa = PBXBuildFile; fileRef = 6D467B61257A268C006D57DD /* DevilHeader.m */; };
		6D467B6C257A2F16006D57DD /* DevilBaseController.h in Headers */ = {isa = PBXBuildFile; fileRef = 6D467B6A257A2F16006D57DD /* DevilBaseController.h */; settings = {ATTRIBUTES = (Public, ); }; };
		6D467B6D257A2F16006D57DD /* DevilBaseController.m in Sources */ = {isa = PBXBuildFile; fileRef = 6D467B6B257A2F16006D57DD /* DevilBaseController.m */; };
		6D467B72257A2F27006D57DD /* DevilController.h in Headers */ = {isa = PBXBuildFile; fileRef = 6D467B70257A2F27006D57DD /* DevilController.h */; settings = {ATTRIBUTES = (Public, ); }; };
		6D467B73257A2F27006D57DD /* DevilController.m in Sources */ = {isa = PBXBuildFile; fileRef = 6D467B71257A2F27006D57DD /* DevilController.m */; };
		6D467B78257A2FFC006D57DD /* DevilWebViewController.h in Headers */ = {isa = PBXBuildFile; fileRef = 6D467B76257A2FFC006D57DD /* DevilWebViewController.h */; settings = {ATTRIBUTES = (Public, ); }; };
		6D467B79257A2FFD006D57DD /* DevilWebViewController.m in Sources */ = {isa = PBXBuildFile; fileRef = 6D467B77257A2FFC006D57DD /* DevilWebViewController.m */; };
		6D467B7E257A3010006D57DD /* DevilWebView.h in Headers */ = {isa = PBXBuildFile; fileRef = 6D467B7C257A3010006D57DD /* DevilWebView.h */; settings = {ATTRIBUTES = (Public, ); }; };
		6D467B7F257A3010006D57DD /* DevilWebView.m in Sources */ = {isa = PBXBuildFile; fileRef = 6D467B7D257A3010006D57DD /* DevilWebView.m */; };
		6D467B86257CD9F3006D57DD /* WildCardUIButton.h in Headers */ = {isa = PBXBuildFile; fileRef = 6D467B84257CD9F2006D57DD /* WildCardUIButton.h */; };
		6D467B87257CD9F3006D57DD /* WildCardUIButton.m in Sources */ = {isa = PBXBuildFile; fileRef = 6D467B85257CD9F2006D57DD /* WildCardUIButton.m */; };
		6D467B8C257CF2F7006D57DD /* JevilAction.h in Headers */ = {isa = PBXBuildFile; fileRef = 6D467B8A257CF2F7006D57DD /* JevilAction.h */; settings = {ATTRIBUTES = (Public, ); }; };
		6D467B8D257CF2F7006D57DD /* JevilAction.m in Sources */ = {isa = PBXBuildFile; fileRef = 6D467B8B257CF2F7006D57DD /* JevilAction.m */; };
		6D467B94257CF51A006D57DD /* WildCardDrawerView.m in Sources */ = {isa = PBXBuildFile; fileRef = 6D467B93257CF51A006D57DD /* WildCardDrawerView.m */; };
		6D467B9D257D2B5B006D57DD /* WildCardDrawerView.h in Headers */ = {isa = PBXBuildFile; fileRef = 6D467B92257CF518006D57DD /* WildCardDrawerView.h */; settings = {ATTRIBUTES = (Public, ); }; };
/* End PBXBuildFile section */

/* Begin PBXFileReference section */
		6D4433672588065400B0E616 /* JevilCtx.h */ = {isa = PBXFileReference; lastKnownFileType = sourcecode.c.h; path = JevilCtx.h; sourceTree = "<group>"; };
		6D4433682588065400B0E616 /* JevilCtx.m */ = {isa = PBXFileReference; lastKnownFileType = sourcecode.c.objc; path = JevilCtx.m; sourceTree = "<group>"; };
		6D44336D25881C3800B0E616 /* Jevil.h */ = {isa = PBXFileReference; lastKnownFileType = sourcecode.c.h; path = Jevil.h; sourceTree = "<group>"; };
		6D44336E25881C3800B0E616 /* Jevil.m */ = {isa = PBXFileReference; lastKnownFileType = sourcecode.c.objc; path = Jevil.m; sourceTree = "<group>"; };
		6D46792E256A16DB006D57DD /* devilcore.framework */ = {isa = PBXFileReference; explicitFileType = wrapper.framework; includeInIndex = 0; path = devilcore.framework; sourceTree = BUILT_PRODUCTS_DIR; };
		6D4679A4256A4980006D57DD /* LICENSE */ = {isa = PBXFileReference; fileEncoding = 4; lastKnownFileType = text; path = LICENSE; sourceTree = "<group>"; };
		6D4679E3256AA5E9006D57DD /* DevilSdk.h */ = {isa = PBXFileReference; fileEncoding = 4; lastKnownFileType = sourcecode.c.h; path = DevilSdk.h; sourceTree = "<group>"; };
		6D4679E4256AA5E9006D57DD /* devilcore.h */ = {isa = PBXFileReference; fileEncoding = 4; lastKnownFileType = sourcecode.c.h; path = devilcore.h; sourceTree = "<group>"; };
		6D4679E5256AA5E9006D57DD /* DevilSdk.m */ = {isa = PBXFileReference; fileEncoding = 4; lastKnownFileType = sourcecode.c.objc; path = DevilSdk.m; sourceTree = "<group>"; };
		6D467A37256AB079006D57DD /* WildCardNextChain.m */ = {isa = PBXFileReference; fileEncoding = 4; lastKnownFileType = sourcecode.c.objc; path = WildCardNextChain.m; sourceTree = "<group>"; };
		6D467A38256AB079006D57DD /* WildCardCollectionViewHelper.h */ = {isa = PBXFileReference; fileEncoding = 4; lastKnownFileType = sourcecode.c.h; path = WildCardCollectionViewHelper.h; sourceTree = "<group>"; };
		6D467A39256AB079006D57DD /* WildCardMeta.h */ = {isa = PBXFileReference; fileEncoding = 4; lastKnownFileType = sourcecode.c.h; path = WildCardMeta.h; sourceTree = "<group>"; };
		6D467A3A256AB079006D57DD /* WildCardUIView.h */ = {isa = PBXFileReference; fileEncoding = 4; lastKnownFileType = sourcecode.c.h; path = WildCardUIView.h; sourceTree = "<group>"; };
		6D467A3B256AB079006D57DD /* WildCardLayoutPathUnit.h */ = {isa = PBXFileReference; fileEncoding = 4; lastKnownFileType = sourcecode.c.h; path = WildCardLayoutPathUnit.h; sourceTree = "<group>"; };
		6D467A3C256AB079006D57DD /* MappingSyntaxInterpreter.h */ = {isa = PBXFileReference; fileEncoding = 4; lastKnownFileType = sourcecode.c.h; path = MappingSyntaxInterpreter.h; sourceTree = "<group>"; };
		6D467A3E256AB079006D57DD /* WildCardIndicatorView.h */ = {isa = PBXFileReference; fileEncoding = 4; lastKnownFileType = sourcecode.c.h; path = WildCardIndicatorView.h; sourceTree = "<group>"; };
		6D467A3F256AB079006D57DD /* WildCardLCAnimatedPageControl.h */ = {isa = PBXFileReference; fileEncoding = 4; lastKnownFileType = sourcecode.c.h; path = WildCardLCAnimatedPageControl.h; sourceTree = "<group>"; };
		6D467A40256AB079006D57DD /* WildCardUITextField.h */ = {isa = PBXFileReference; fileEncoding = 4; lastKnownFileType = sourcecode.c.h; path = WildCardUITextField.h; sourceTree = "<group>"; };
		6D467A41256AB079006D57DD /* WildCardLCAnimatedPageControl.m */ = {isa = PBXFileReference; fileEncoding = 4; lastKnownFileType = sourcecode.c.objc; path = WildCardLCAnimatedPageControl.m; sourceTree = "<group>"; };
		6D467A42256AB079006D57DD /* WildCardIndicatorView.m */ = {isa = PBXFileReference; fileEncoding = 4; lastKnownFileType = sourcecode.c.objc; path = WildCardIndicatorView.m; sourceTree = "<group>"; };
		6D467A43256AB079006D57DD /* WildCardUITextField.m */ = {isa = PBXFileReference; fileEncoding = 4; lastKnownFileType = sourcecode.c.objc; path = WildCardUITextField.m; sourceTree = "<group>"; };
		6D467A45256AB079006D57DD /* ReplaceRuleColor.h */ = {isa = PBXFileReference; fileEncoding = 4; lastKnownFileType = sourcecode.c.h; path = ReplaceRuleColor.h; sourceTree = "<group>"; };
		6D467A46256AB07A006D57DD /* ReplaceRuleExtension.m */ = {isa = PBXFileReference; fileEncoding = 4; lastKnownFileType = sourcecode.c.objc; path = ReplaceRuleExtension.m; sourceTree = "<group>"; };
		6D467A47256AB07A006D57DD /* ReplaceRule.h */ = {isa = PBXFileReference; fileEncoding = 4; lastKnownFileType = sourcecode.c.h; path = ReplaceRule.h; sourceTree = "<group>"; };
		6D467A48256AB07A006D57DD /* ReplaceRuleImage.m */ = {isa = PBXFileReference; fileEncoding = 4; lastKnownFileType = sourcecode.c.objc; path = ReplaceRuleImage.m; sourceTree = "<group>"; };
		6D467A49256AB07A006D57DD /* ReplaceRuleRepeat.m */ = {isa = PBXFileReference; fileEncoding = 4; lastKnownFileType = sourcecode.c.objc; path = ReplaceRuleRepeat.m; sourceTree = "<group>"; };
		6D467A4A256AB07A006D57DD /* ReplaceRuleLocalImage.h */ = {isa = PBXFileReference; fileEncoding = 4; lastKnownFileType = sourcecode.c.h; path = ReplaceRuleLocalImage.h; sourceTree = "<group>"; };
		6D467A4B256AB07A006D57DD /* ReplaceRuleClick.m */ = {isa = PBXFileReference; fileEncoding = 4; lastKnownFileType = sourcecode.c.objc; path = ReplaceRuleClick.m; sourceTree = "<group>"; };
		6D467A4C256AB07A006D57DD /* ReplaceRuleText.h */ = {isa = PBXFileReference; fileEncoding = 4; lastKnownFileType = sourcecode.c.h; path = ReplaceRuleText.h; sourceTree = "<group>"; };
		6D467A4D256AB07A006D57DD /* ReplaceRuleHidden.m */ = {isa = PBXFileReference; fileEncoding = 4; lastKnownFileType = sourcecode.c.objc; path = ReplaceRuleHidden.m; sourceTree = "<group>"; };
		6D467A4E256AB07A006D57DD /* ReplaceRuleImageResource.h */ = {isa = PBXFileReference; fileEncoding = 4; lastKnownFileType = sourcecode.c.h; path = ReplaceRuleImageResource.h; sourceTree = "<group>"; };
		6D467A4F256AB07A006D57DD /* ReplaceRuleReplaceUrl.m */ = {isa = PBXFileReference; fileEncoding = 4; lastKnownFileType = sourcecode.c.objc; path = ReplaceRuleReplaceUrl.m; sourceTree = "<group>"; };
		6D467A50256AB07A006D57DD /* ReplaceRuleRepeat.h */ = {isa = PBXFileReference; fileEncoding = 4; lastKnownFileType = sourcecode.c.h; path = ReplaceRuleRepeat.h; sourceTree = "<group>"; };
		6D467A51256AB07A006D57DD /* ReplaceRule.m */ = {isa = PBXFileReference; fileEncoding = 4; lastKnownFileType = sourcecode.c.objc; path = ReplaceRule.m; sourceTree = "<group>"; };
		6D467A52256AB07A006D57DD /* ReplaceRuleImage.h */ = {isa = PBXFileReference; fileEncoding = 4; lastKnownFileType = sourcecode.c.h; path = ReplaceRuleImage.h; sourceTree = "<group>"; };
		6D467A53256AB07A006D57DD /* ReplaceRuleExtension.h */ = {isa = PBXFileReference; fileEncoding = 4; lastKnownFileType = sourcecode.c.h; path = ReplaceRuleExtension.h; sourceTree = "<group>"; };
		6D467A54256AB07A006D57DD /* ReplaceRuleColor.m */ = {isa = PBXFileReference; fileEncoding = 4; lastKnownFileType = sourcecode.c.objc; path = ReplaceRuleColor.m; sourceTree = "<group>"; };
		6D467A55256AB07A006D57DD /* ReplaceRuleClick.h */ = {isa = PBXFileReference; fileEncoding = 4; lastKnownFileType = sourcecode.c.h; path = ReplaceRuleClick.h; sourceTree = "<group>"; };
		6D467A56256AB07A006D57DD /* ReplaceRuleLocalImage.m */ = {isa = PBXFileReference; fileEncoding = 4; lastKnownFileType = sourcecode.c.objc; path = ReplaceRuleLocalImage.m; sourceTree = "<group>"; };
		6D467A57256AB07A006D57DD /* ReplaceRuleImageResource.m */ = {isa = PBXFileReference; fileEncoding = 4; lastKnownFileType = sourcecode.c.objc; path = ReplaceRuleImageResource.m; sourceTree = "<group>"; };
		6D467A58256AB07A006D57DD /* ReplaceRuleHidden.h */ = {isa = PBXFileReference; fileEncoding = 4; lastKnownFileType = sourcecode.c.h; path = ReplaceRuleHidden.h; sourceTree = "<group>"; };
		6D467A59256AB07A006D57DD /* ReplaceRuleText.m */ = {isa = PBXFileReference; fileEncoding = 4; lastKnownFileType = sourcecode.c.objc; path = ReplaceRuleText.m; sourceTree = "<group>"; };
		6D467A5A256AB07A006D57DD /* ReplaceRuleReplaceUrl.h */ = {isa = PBXFileReference; fileEncoding = 4; lastKnownFileType = sourcecode.c.h; path = ReplaceRuleReplaceUrl.h; sourceTree = "<group>"; };
		6D467A5B256AB07A006D57DD /* WildCardFunction.h */ = {isa = PBXFileReference; fileEncoding = 4; lastKnownFileType = sourcecode.c.h; path = WildCardFunction.h; sourceTree = "<group>"; };
		6D467A5C256AB07A006D57DD /* WildCardExtensionConstructor.h */ = {isa = PBXFileReference; fileEncoding = 4; lastKnownFileType = sourcecode.c.h; path = WildCardExtensionConstructor.h; sourceTree = "<group>"; };
		6D467A5D256AB07A006D57DD /* WildCardScreenTableView.m */ = {isa = PBXFileReference; fileEncoding = 4; lastKnownFileType = sourcecode.c.objc; path = WildCardScreenTableView.m; sourceTree = "<group>"; };
		6D467A5E256AB07A006D57DD /* WildCardConstructor.h */ = {isa = PBXFileReference; fileEncoding = 4; lastKnownFileType = sourcecode.c.h; path = WildCardConstructor.h; sourceTree = "<group>"; };
		6D467A5F256AB07A006D57DD /* WildCardUtil.h */ = {isa = PBXFileReference; fileEncoding = 4; lastKnownFileType = sourcecode.c.h; path = WildCardUtil.h; sourceTree = "<group>"; };
		6D467A60256AB07A006D57DD /* WildCardUIView.m */ = {isa = PBXFileReference; fileEncoding = 4; lastKnownFileType = sourcecode.c.objc; path = WildCardUIView.m; sourceTree = "<group>"; };
		6D467A61256AB07A006D57DD /* WildCardMeta.m */ = {isa = PBXFileReference; fileEncoding = 4; lastKnownFileType = sourcecode.c.objc; path = WildCardMeta.m; sourceTree = "<group>"; };
		6D467A62256AB07A006D57DD /* WildCardCollectionViewHelper.m */ = {isa = PBXFileReference; fileEncoding = 4; lastKnownFileType = sourcecode.c.objc; path = WildCardCollectionViewHelper.m; sourceTree = "<group>"; };
		6D467A63256AB07A006D57DD /* WildCardNextChain.h */ = {isa = PBXFileReference; fileEncoding = 4; lastKnownFileType = sourcecode.c.h; path = WildCardNextChain.h; sourceTree = "<group>"; };
		6D467A64256AB07A006D57DD /* MappingSyntaxInterpreter.m */ = {isa = PBXFileReference; fileEncoding = 4; lastKnownFileType = sourcecode.c.objc; path = MappingSyntaxInterpreter.m; sourceTree = "<group>"; };
		6D467A65256AB07A006D57DD /* WildCardLayoutPathUnit.m */ = {isa = PBXFileReference; fileEncoding = 4; lastKnownFileType = sourcecode.c.objc; path = WildCardLayoutPathUnit.m; sourceTree = "<group>"; };
		6D467A67256AB07A006D57DD /* WildCardGridView.h */ = {isa = PBXFileReference; fileEncoding = 4; lastKnownFileType = sourcecode.c.h; path = WildCardGridView.h; sourceTree = "<group>"; };
		6D467A68256AB07A006D57DD /* WildCardCollectionViewAdapter.h */ = {isa = PBXFileReference; fileEncoding = 4; lastKnownFileType = sourcecode.c.h; path = WildCardCollectionViewAdapter.h; sourceTree = "<group>"; };
		6D467A69256AB07A006D57DD /* WildCardUILabel.m */ = {isa = PBXFileReference; fileEncoding = 4; lastKnownFileType = sourcecode.c.objc; path = WildCardUILabel.m; sourceTree = "<group>"; };
		6D467A6A256AB07A006D57DD /* WildCardGridView.m */ = {isa = PBXFileReference; fileEncoding = 4; lastKnownFileType = sourcecode.c.objc; path = WildCardGridView.m; sourceTree = "<group>"; };
		6D467A6B256AB07A006D57DD /* WildCardCollectionViewAdapter.m */ = {isa = PBXFileReference; fileEncoding = 4; lastKnownFileType = sourcecode.c.objc; path = WildCardCollectionViewAdapter.m; sourceTree = "<group>"; };
		6D467A6C256AB07A006D57DD /* WildCardUILabel.h */ = {isa = PBXFileReference; fileEncoding = 4; lastKnownFileType = sourcecode.c.h; path = WildCardUILabel.h; sourceTree = "<group>"; };
		6D467A6E256AB07A006D57DD /* WildCardViewPagerRightAction.m */ = {isa = PBXFileReference; fileEncoding = 4; lastKnownFileType = sourcecode.c.objc; path = WildCardViewPagerRightAction.m; sourceTree = "<group>"; };
		6D467A6F256AB07A006D57DD /* WildCardSetTextAction.m */ = {isa = PBXFileReference; fileEncoding = 4; lastKnownFileType = sourcecode.c.objc; path = WildCardSetTextAction.m; sourceTree = "<group>"; };
		6D467A70256AB07A006D57DD /* WildCardCustomAction.h */ = {isa = PBXFileReference; fileEncoding = 4; lastKnownFileType = sourcecode.c.h; path = WildCardCustomAction.h; sourceTree = "<group>"; };
		6D467A71256AB07A006D57DD /* WildCardAction.m */ = {isa = PBXFileReference; fileEncoding = 4; lastKnownFileType = sourcecode.c.objc; path = WildCardAction.m; sourceTree = "<group>"; };
		6D467A72256AB07A006D57DD /* WildCardUITapGestureRecognizer.h */ = {isa = PBXFileReference; fileEncoding = 4; lastKnownFileType = sourcecode.c.h; path = WildCardUITapGestureRecognizer.h; sourceTree = "<group>"; };
		6D467A73256AB07A006D57DD /* WildCardViewPagerLeftAction.m */ = {isa = PBXFileReference; fileEncoding = 4; lastKnownFileType = sourcecode.c.objc; path = WildCardViewPagerLeftAction.m; sourceTree = "<group>"; };
		6D467A74256AB07A006D57DD /* WildCardTrigger.m */ = {isa = PBXFileReference; fileEncoding = 4; lastKnownFileType = sourcecode.c.objc; path = WildCardTrigger.m; sourceTree = "<group>"; };
		6D467A75256AB07A006D57DD /* WildCardApplyAgainAction.m */ = {isa = PBXFileReference; fileEncoding = 4; lastKnownFileType = sourcecode.c.objc; path = WildCardApplyAgainAction.m; sourceTree = "<group>"; };
		6D467A76256AB07A006D57DD /* WildCardViewPagerRightAction.h */ = {isa = PBXFileReference; fileEncoding = 4; lastKnownFileType = sourcecode.c.h; path = WildCardViewPagerRightAction.h; sourceTree = "<group>"; };
		6D467A77256AB07A006D57DD /* WildCardUITapGestureRecognizer.m */ = {isa = PBXFileReference; fileEncoding = 4; lastKnownFileType = sourcecode.c.objc; path = WildCardUITapGestureRecognizer.m; sourceTree = "<group>"; };
		6D467A78256AB07A006D57DD /* WildCardAction.h */ = {isa = PBXFileReference; fileEncoding = 4; lastKnownFileType = sourcecode.c.h; path = WildCardAction.h; sourceTree = "<group>"; };
		6D467A79256AB07A006D57DD /* WildCardCustomAction.m */ = {isa = PBXFileReference; fileEncoding = 4; lastKnownFileType = sourcecode.c.objc; path = WildCardCustomAction.m; sourceTree = "<group>"; };
		6D467A7A256AB07A006D57DD /* WildCardSetTextAction.h */ = {isa = PBXFileReference; fileEncoding = 4; lastKnownFileType = sourcecode.c.h; path = WildCardSetTextAction.h; sourceTree = "<group>"; };
		6D467A7B256AB07A006D57DD /* WildCardTrigger.h */ = {isa = PBXFileReference; fileEncoding = 4; lastKnownFileType = sourcecode.c.h; path = WildCardTrigger.h; sourceTree = "<group>"; };
		6D467A7C256AB07A006D57DD /* WildCardViewPagerLeftAction.h */ = {isa = PBXFileReference; fileEncoding = 4; lastKnownFileType = sourcecode.c.h; path = WildCardViewPagerLeftAction.h; sourceTree = "<group>"; };
		6D467A7D256AB07A006D57DD /* WildCardApplyAgainAction.h */ = {isa = PBXFileReference; fileEncoding = 4; lastKnownFileType = sourcecode.c.h; path = WildCardApplyAgainAction.h; sourceTree = "<group>"; };
		6D467A7E256AB07A006D57DD /* WildCardExtensionConstructor.m */ = {isa = PBXFileReference; fileEncoding = 4; lastKnownFileType = sourcecode.c.objc; path = WildCardExtensionConstructor.m; sourceTree = "<group>"; };
		6D467A7F256AB07A006D57DD /* WildCardFunction.m */ = {isa = PBXFileReference; fileEncoding = 4; lastKnownFileType = sourcecode.c.objc; path = WildCardFunction.m; sourceTree = "<group>"; };
		6D467A80256AB07A006D57DD /* WildCardUtil.m */ = {isa = PBXFileReference; fileEncoding = 4; lastKnownFileType = sourcecode.c.objc; path = WildCardUtil.m; sourceTree = "<group>"; };
		6D467A81256AB07A006D57DD /* WildCardConstructor.m */ = {isa = PBXFileReference; fileEncoding = 4; lastKnownFileType = sourcecode.c.objc; path = WildCardConstructor.m; sourceTree = "<group>"; };
		6D467A82256AB07A006D57DD /* WildCardScreenTableView.h */ = {isa = PBXFileReference; fileEncoding = 4; lastKnownFileType = sourcecode.c.h; path = WildCardScreenTableView.h; sourceTree = "<group>"; };
		6D467B60257A268C006D57DD /* DevilHeader.h */ = {isa = PBXFileReference; lastKnownFileType = sourcecode.c.h; path = DevilHeader.h; sourceTree = "<group>"; };
		6D467B61257A268C006D57DD /* DevilHeader.m */ = {isa = PBXFileReference; lastKnownFileType = sourcecode.c.objc; path = DevilHeader.m; sourceTree = "<group>"; };
		6D467B6A257A2F16006D57DD /* DevilBaseController.h */ = {isa = PBXFileReference; lastKnownFileType = sourcecode.c.h; path = DevilBaseController.h; sourceTree = "<group>"; };
		6D467B6B257A2F16006D57DD /* DevilBaseController.m */ = {isa = PBXFileReference; lastKnownFileType = sourcecode.c.objc; path = DevilBaseController.m; sourceTree = "<group>"; };
		6D467B70257A2F27006D57DD /* DevilController.h */ = {isa = PBXFileReference; lastKnownFileType = sourcecode.c.h; path = DevilController.h; sourceTree = "<group>"; };
		6D467B71257A2F27006D57DD /* DevilController.m */ = {isa = PBXFileReference; lastKnownFileType = sourcecode.c.objc; path = DevilController.m; sourceTree = "<group>"; };
		6D467B76257A2FFC006D57DD /* DevilWebViewController.h */ = {isa = PBXFileReference; lastKnownFileType = sourcecode.c.h; path = DevilWebViewController.h; sourceTree = "<group>"; };
		6D467B77257A2FFC006D57DD /* DevilWebViewController.m */ = {isa = PBXFileReference; lastKnownFileType = sourcecode.c.objc; path = DevilWebViewController.m; sourceTree = "<group>"; };
		6D467B7C257A3010006D57DD /* DevilWebView.h */ = {isa = PBXFileReference; lastKnownFileType = sourcecode.c.h; path = DevilWebView.h; sourceTree = "<group>"; };
		6D467B7D257A3010006D57DD /* DevilWebView.m */ = {isa = PBXFileReference; lastKnownFileType = sourcecode.c.objc; path = DevilWebView.m; sourceTree = "<group>"; };
		6D467B84257CD9F2006D57DD /* WildCardUIButton.h */ = {isa = PBXFileReference; lastKnownFileType = sourcecode.c.h; path = WildCardUIButton.h; sourceTree = "<group>"; };
		6D467B85257CD9F2006D57DD /* WildCardUIButton.m */ = {isa = PBXFileReference; lastKnownFileType = sourcecode.c.objc; path = WildCardUIButton.m; sourceTree = "<group>"; };
		6D467B8A257CF2F7006D57DD /* JevilAction.h */ = {isa = PBXFileReference; lastKnownFileType = sourcecode.c.h; path = JevilAction.h; sourceTree = "<group>"; };
		6D467B8B257CF2F7006D57DD /* JevilAction.m */ = {isa = PBXFileReference; lastKnownFileType = sourcecode.c.objc; path = JevilAction.m; sourceTree = "<group>"; };
		6D467B92257CF518006D57DD /* WildCardDrawerView.h */ = {isa = PBXFileReference; fileEncoding = 4; lastKnownFileType = sourcecode.c.h; path = WildCardDrawerView.h; sourceTree = "<group>"; };
		6D467B93257CF51A006D57DD /* WildCardDrawerView.m */ = {isa = PBXFileReference; fileEncoding = 4; lastKnownFileType = sourcecode.c.objc; path = WildCardDrawerView.m; sourceTree = "<group>"; };
/* End PBXFileReference section */

/* Begin PBXFrameworksBuildPhase section */
		6D46792B256A16DB006D57DD /* Frameworks */ = {
			isa = PBXFrameworksBuildPhase;
			buildActionMask = 2147483647;
			files = (
			);
			runOnlyForDeploymentPostprocessing = 0;
		};
/* End PBXFrameworksBuildPhase section */

/* Begin PBXGroup section */
		6D4433662588062B00B0E616 /* javascript */ = {
			isa = PBXGroup;
			children = (
				6D4433672588065400B0E616 /* JevilCtx.h */,
				6D4433682588065400B0E616 /* JevilCtx.m */,
				6D44336D25881C3800B0E616 /* Jevil.h */,
				6D44336E25881C3800B0E616 /* Jevil.m */,
			);
			path = javascript;
			sourceTree = "<group>";
		};
		6D467924256A16DB006D57DD = {
			isa = PBXGroup;
			children = (
				6D4679A4256A4980006D57DD /* LICENSE */,
				6D4679E1256AA5E9006D57DD /* devilcore */,
				6D46792F256A16DB006D57DD /* Products */,
			);
			sourceTree = "<group>";
		};
		6D46792F256A16DB006D57DD /* Products */ = {
			isa = PBXGroup;
			children = (
				6D46792E256A16DB006D57DD /* devilcore.framework */,
			);
			name = Products;
			sourceTree = "<group>";
		};
		6D4679E1256AA5E9006D57DD /* devilcore */ = {
			isa = PBXGroup;
			children = (
				6D4679E2256AA5E9006D57DD /* source */,
			);
			path = devilcore;
			sourceTree = "<group>";
		};
		6D4679E2256AA5E9006D57DD /* source */ = {
			isa = PBXGroup;
			children = (
				6D467B29257A1470006D57DD /* devil */,
				6D467A36256AB079006D57DD /* wildcard */,
				6D4679E3256AA5E9006D57DD /* DevilSdk.h */,
				6D4679E5256AA5E9006D57DD /* DevilSdk.m */,
				6D4679E4256AA5E9006D57DD /* devilcore.h */,
			);
			path = source;
			sourceTree = "<group>";
		};
		6D467A36256AB079006D57DD /* wildcard */ = {
			isa = PBXGroup;
			children = (
				6D467A44256AB079006D57DD /* replacerule */,
				6D467A6D256AB07A006D57DD /* TriggerAction */,
				6D467A66256AB07A006D57DD /* view */,
				6D467A3D256AB079006D57DD /* extensionview */,
				6D467A3C256AB079006D57DD /* MappingSyntaxInterpreter.h */,
				6D467A64256AB07A006D57DD /* MappingSyntaxInterpreter.m */,
				6D467A38256AB079006D57DD /* WildCardCollectionViewHelper.h */,
				6D467A62256AB07A006D57DD /* WildCardCollectionViewHelper.m */,
				6D467A5E256AB07A006D57DD /* WildCardConstructor.h */,
				6D467A81256AB07A006D57DD /* WildCardConstructor.m */,
				6D467A5C256AB07A006D57DD /* WildCardExtensionConstructor.h */,
				6D467A7E256AB07A006D57DD /* WildCardExtensionConstructor.m */,
				6D467A5B256AB07A006D57DD /* WildCardFunction.h */,
				6D467A7F256AB07A006D57DD /* WildCardFunction.m */,
				6D467A3B256AB079006D57DD /* WildCardLayoutPathUnit.h */,
				6D467A65256AB07A006D57DD /* WildCardLayoutPathUnit.m */,
				6D467A39256AB079006D57DD /* WildCardMeta.h */,
				6D467A61256AB07A006D57DD /* WildCardMeta.m */,
				6D467A63256AB07A006D57DD /* WildCardNextChain.h */,
				6D467A37256AB079006D57DD /* WildCardNextChain.m */,
				6D467A82256AB07A006D57DD /* WildCardScreenTableView.h */,
				6D467A5D256AB07A006D57DD /* WildCardScreenTableView.m */,
				6D467A3A256AB079006D57DD /* WildCardUIView.h */,
				6D467A60256AB07A006D57DD /* WildCardUIView.m */,
				6D467A5F256AB07A006D57DD /* WildCardUtil.h */,
				6D467A80256AB07A006D57DD /* WildCardUtil.m */,
			);
			path = wildcard;
			sourceTree = "<group>";
		};
		6D467A3D256AB079006D57DD /* extensionview */ = {
			isa = PBXGroup;
			children = (
				6D467A3E256AB079006D57DD /* WildCardIndicatorView.h */,
				6D467A3F256AB079006D57DD /* WildCardLCAnimatedPageControl.h */,
				6D467A40256AB079006D57DD /* WildCardUITextField.h */,
				6D467A41256AB079006D57DD /* WildCardLCAnimatedPageControl.m */,
				6D467A42256AB079006D57DD /* WildCardIndicatorView.m */,
				6D467A43256AB079006D57DD /* WildCardUITextField.m */,
			);
			path = extensionview;
			sourceTree = "<group>";
		};
		6D467A44256AB079006D57DD /* replacerule */ = {
			isa = PBXGroup;
			children = (
				6D467A45256AB079006D57DD /* ReplaceRuleColor.h */,
				6D467A46256AB07A006D57DD /* ReplaceRuleExtension.m */,
				6D467A47256AB07A006D57DD /* ReplaceRule.h */,
				6D467A48256AB07A006D57DD /* ReplaceRuleImage.m */,
				6D467A49256AB07A006D57DD /* ReplaceRuleRepeat.m */,
				6D467A4A256AB07A006D57DD /* ReplaceRuleLocalImage.h */,
				6D467A4B256AB07A006D57DD /* ReplaceRuleClick.m */,
				6D467A4C256AB07A006D57DD /* ReplaceRuleText.h */,
				6D467A4D256AB07A006D57DD /* ReplaceRuleHidden.m */,
				6D467A4E256AB07A006D57DD /* ReplaceRuleImageResource.h */,
				6D467A4F256AB07A006D57DD /* ReplaceRuleReplaceUrl.m */,
				6D467A50256AB07A006D57DD /* ReplaceRuleRepeat.h */,
				6D467A51256AB07A006D57DD /* ReplaceRule.m */,
				6D467A52256AB07A006D57DD /* ReplaceRuleImage.h */,
				6D467A53256AB07A006D57DD /* ReplaceRuleExtension.h */,
				6D467A54256AB07A006D57DD /* ReplaceRuleColor.m */,
				6D467A55256AB07A006D57DD /* ReplaceRuleClick.h */,
				6D467A56256AB07A006D57DD /* ReplaceRuleLocalImage.m */,
				6D467A57256AB07A006D57DD /* ReplaceRuleImageResource.m */,
				6D467A58256AB07A006D57DD /* ReplaceRuleHidden.h */,
				6D467A59256AB07A006D57DD /* ReplaceRuleText.m */,
				6D467A5A256AB07A006D57DD /* ReplaceRuleReplaceUrl.h */,
			);
			path = replacerule;
			sourceTree = "<group>";
		};
		6D467A66256AB07A006D57DD /* view */ = {
			isa = PBXGroup;
			children = (
				6D467A68256AB07A006D57DD /* WildCardCollectionViewAdapter.h */,
				6D467A6B256AB07A006D57DD /* WildCardCollectionViewAdapter.m */,
				6D467B92257CF518006D57DD /* WildCardDrawerView.h */,
				6D467B93257CF51A006D57DD /* WildCardDrawerView.m */,
				6D467A67256AB07A006D57DD /* WildCardGridView.h */,
				6D467A6A256AB07A006D57DD /* WildCardGridView.m */,
				6D467B84257CD9F2006D57DD /* WildCardUIButton.h */,
				6D467B85257CD9F2006D57DD /* WildCardUIButton.m */,
				6D467A6C256AB07A006D57DD /* WildCardUILabel.h */,
				6D467A69256AB07A006D57DD /* WildCardUILabel.m */,
			);
			path = view;
			sourceTree = "<group>";
		};
		6D467A6D256AB07A006D57DD /* TriggerAction */ = {
			isa = PBXGroup;
			children = (
				6D467A78256AB07A006D57DD /* WildCardAction.h */,
				6D467A71256AB07A006D57DD /* WildCardAction.m */,
				6D467A7D256AB07A006D57DD /* WildCardApplyAgainAction.h */,
				6D467A75256AB07A006D57DD /* WildCardApplyAgainAction.m */,
				6D467A70256AB07A006D57DD /* WildCardCustomAction.h */,
				6D467A79256AB07A006D57DD /* WildCardCustomAction.m */,
				6D467A7A256AB07A006D57DD /* WildCardSetTextAction.h */,
				6D467A6F256AB07A006D57DD /* WildCardSetTextAction.m */,
				6D467A7B256AB07A006D57DD /* WildCardTrigger.h */,
				6D467A74256AB07A006D57DD /* WildCardTrigger.m */,
				6D467A72256AB07A006D57DD /* WildCardUITapGestureRecognizer.h */,
				6D467A77256AB07A006D57DD /* WildCardUITapGestureRecognizer.m */,
				6D467A7C256AB07A006D57DD /* WildCardViewPagerLeftAction.h */,
				6D467A73256AB07A006D57DD /* WildCardViewPagerLeftAction.m */,
				6D467A76256AB07A006D57DD /* WildCardViewPagerRightAction.h */,
				6D467A6E256AB07A006D57DD /* WildCardViewPagerRightAction.m */,
			);
			path = TriggerAction;
			sourceTree = "<group>";
		};
		6D467B29257A1470006D57DD /* devil */ = {
			isa = PBXGroup;
			children = (
				6D467B5F257A2671006D57DD /* core */,
			);
			path = devil;
			sourceTree = "<group>";
		};
		6D467B5F257A2671006D57DD /* core */ = {
			isa = PBXGroup;
			children = (
				6D4433662588062B00B0E616 /* javascript */,
				6D467B60257A268C006D57DD /* DevilHeader.h */,
				6D467B61257A268C006D57DD /* DevilHeader.m */,
				6D467B6A257A2F16006D57DD /* DevilBaseController.h */,
				6D467B6B257A2F16006D57DD /* DevilBaseController.m */,
				6D467B70257A2F27006D57DD /* DevilController.h */,
				6D467B71257A2F27006D57DD /* DevilController.m */,
				6D467B76257A2FFC006D57DD /* DevilWebViewController.h */,
				6D467B77257A2FFC006D57DD /* DevilWebViewController.m */,
				6D467B7C257A3010006D57DD /* DevilWebView.h */,
				6D467B7D257A3010006D57DD /* DevilWebView.m */,
				6D467B8A257CF2F7006D57DD /* JevilAction.h */,
				6D467B8B257CF2F7006D57DD /* JevilAction.m */,
			);
			path = core;
			sourceTree = "<group>";
		};
/* End PBXGroup section */

/* Begin PBXHeadersBuildPhase section */
		6D467929256A16DB006D57DD /* Headers */ = {
			isa = PBXHeadersBuildPhase;
			buildActionMask = 2147483647;
			files = (
				6D467AA8256AB07A006D57DD /* WildCardConstructor.h in Headers */,
				6D467A9C256AB07A006D57DD /* ReplaceRuleImage.h in Headers */,
				6D467A8F256AB07A006D57DD /* ReplaceRuleColor.h in Headers */,
				6D467AC3256AB07A006D57DD /* WildCardTrigger.h in Headers */,
				6D467A84256AB07A006D57DD /* WildCardCollectionViewHelper.h in Headers */,
				6D467AC4256AB07A006D57DD /* WildCardViewPagerLeftAction.h in Headers */,
				6D467AAD256AB07A006D57DD /* WildCardNextChain.h in Headers */,
				6D4433692588065400B0E616 /* JevilCtx.h in Headers */,
				6D467ABE256AB07A006D57DD /* WildCardViewPagerRightAction.h in Headers */,
				6D467A86256AB07A006D57DD /* WildCardUIView.h in Headers */,
				6D467AA5256AB07A006D57DD /* WildCardFunction.h in Headers */,
				6D467AB0256AB07A006D57DD /* WildCardGridView.h in Headers */,
				6D467A98256AB07A006D57DD /* ReplaceRuleImageResource.h in Headers */,
				6D467A85256AB07A006D57DD /* WildCardMeta.h in Headers */,
				6D467A9F256AB07A006D57DD /* ReplaceRuleClick.h in Headers */,
				6D467A9D256AB07A006D57DD /* ReplaceRuleExtension.h in Headers */,
				6D467A88256AB07A006D57DD /* MappingSyntaxInterpreter.h in Headers */,
				6D467AA4256AB07A006D57DD /* ReplaceRuleReplaceUrl.h in Headers */,
				6D467A8A256AB07A006D57DD /* WildCardLCAnimatedPageControl.h in Headers */,
				6D467A96256AB07A006D57DD /* ReplaceRuleText.h in Headers */,
				6D467AC0256AB07A006D57DD /* WildCardAction.h in Headers */,
				6D467B86257CD9F3006D57DD /* WildCardUIButton.h in Headers */,
				6D467AA2256AB07A006D57DD /* ReplaceRuleHidden.h in Headers */,
				6D467A87256AB07A006D57DD /* WildCardLayoutPathUnit.h in Headers */,
				6D467A8B256AB07A006D57DD /* WildCardUITextField.h in Headers */,
				6D467AC5256AB07A006D57DD /* WildCardApplyAgainAction.h in Headers */,
				6D467AA6256AB07A006D57DD /* WildCardExtensionConstructor.h in Headers */,
				6D467AB8256AB07A006D57DD /* WildCardCustomAction.h in Headers */,
				6D467ACA256AB07A006D57DD /* WildCardScreenTableView.h in Headers */,
				6D467A94256AB07A006D57DD /* ReplaceRuleLocalImage.h in Headers */,
				6D467AC2256AB07A006D57DD /* WildCardSetTextAction.h in Headers */,
				6D467A89256AB07A006D57DD /* WildCardIndicatorView.h in Headers */,
				6D467A9A256AB07A006D57DD /* ReplaceRuleRepeat.h in Headers */,
				6D467ABA256AB07A006D57DD /* WildCardUITapGestureRecognizer.h in Headers */,
				6D467A91256AB07A006D57DD /* ReplaceRule.h in Headers */,
				6D467B78257A2FFC006D57DD /* DevilWebViewController.h in Headers */,
				6D467B7E257A3010006D57DD /* DevilWebView.h in Headers */,
				6D467B72257A2F27006D57DD /* DevilController.h in Headers */,
				6D467B6C257A2F16006D57DD /* DevilBaseController.h in Headers */,
				6D44336F25881C3800B0E616 /* Jevil.h in Headers */,
				6D467B62257A268C006D57DD /* DevilHeader.h in Headers */,
				6D467AB5256AB07A006D57DD /* WildCardUILabel.h in Headers */,
				6D467AA9256AB07A006D57DD /* WildCardUtil.h in Headers */,
				6D467B8C257CF2F7006D57DD /* JevilAction.h in Headers */,
				6D467AB1256AB07A006D57DD /* WildCardCollectionViewAdapter.h in Headers */,
				6D4679E8256AA5EA006D57DD /* devilcore.h in Headers */,
				6D467B9D257D2B5B006D57DD /* WildCardDrawerView.h in Headers */,
				6D4679E7256AA5EA006D57DD /* DevilSdk.h in Headers */,
			);
			runOnlyForDeploymentPostprocessing = 0;
		};
/* End PBXHeadersBuildPhase section */

/* Begin PBXNativeTarget section */
		6D46792D256A16DB006D57DD /* devilcore */ = {
			isa = PBXNativeTarget;
			buildConfigurationList = 6D467936256A16DB006D57DD /* Build configuration list for PBXNativeTarget "devilcore" */;
			buildPhases = (
				6D467929256A16DB006D57DD /* Headers */,
				6D46792A256A16DB006D57DD /* Sources */,
				6D46792B256A16DB006D57DD /* Frameworks */,
				6D46792C256A16DB006D57DD /* Resources */,
			);
			buildRules = (
			);
			dependencies = (
			);
			name = devilcore;
			productName = devilcore;
			productReference = 6D46792E256A16DB006D57DD /* devilcore.framework */;
			productType = "com.apple.product-type.framework";
		};
/* End PBXNativeTarget section */

/* Begin PBXProject section */
		6D467925256A16DB006D57DD /* Project object */ = {
			isa = PBXProject;
			attributes = {
				LastUpgradeCheck = 1210;
				TargetAttributes = {
					6D46792D256A16DB006D57DD = {
						CreatedOnToolsVersion = 12.1;
					};
					6D4679AC256A5614006D57DD = {
						CreatedOnToolsVersion = 12.1;
					};
				};
			};
			buildConfigurationList = 6D467928256A16DB006D57DD /* Build configuration list for PBXProject "devilcore" */;
			compatibilityVersion = "Xcode 9.3";
			developmentRegion = en;
			hasScannedForEncodings = 0;
			knownRegions = (
				en,
				Base,
			);
			mainGroup = 6D467924256A16DB006D57DD;
			productRefGroup = 6D46792F256A16DB006D57DD /* Products */;
			projectDirPath = "";
			projectRoot = "";
			targets = (
				6D46792D256A16DB006D57DD /* devilcore */,
				6D4679AC256A5614006D57DD /* UniversalDevilCore */,
			);
		};
/* End PBXProject section */

/* Begin PBXResourcesBuildPhase section */
		6D46792C256A16DB006D57DD /* Resources */ = {
			isa = PBXResourcesBuildPhase;
			buildActionMask = 2147483647;
			files = (
				6D4679A6256A4980006D57DD /* LICENSE in Resources */,
			);
			runOnlyForDeploymentPostprocessing = 0;
		};
/* End PBXResourcesBuildPhase section */

/* Begin PBXShellScriptBuildPhase section */
		6D4679B2256A5638006D57DD /* ShellScript */ = {
			isa = PBXShellScriptBuildPhase;
			buildActionMask = 2147483647;
			files = (
			);
			inputFileListPaths = (
			);
			inputPaths = (
			);
			outputFileListPaths = (
			);
			outputPaths = (
			);
			runOnlyForDeploymentPostprocessing = 0;
			shellPath = /bin/sh;
			shellScript = "# Type a script or drag a script file from your workspace to insert its path.\nPROJECT_NAME=\"devilcore\"\nUNIVERSAL_OUTPUTFOLDER=${BUILD_DIR}/${CONFIGURATION}-universal\n \n# Make sure the output directory exists\nmkdir -p \"${UNIVERSAL_OUTPUTFOLDER}\"\n \n# Next, work out if we're in SIM or DEVICE\nxcodebuild -target \"${PROJECT_NAME}\" -configuration ${CONFIGURATION} -sdk iphonesimulator ONLY_ACTIVE_ARCH=NO BUILD_DIR=\"${BUILD_DIR}\" BUILD_ROOT=\"${BUILD_ROOT}\" clean build\nxcodebuild -target \"${PROJECT_NAME}\" ONLY_ACTIVE_ARCH=NO -configuration ${CONFIGURATION} -sdk iphoneos  BUILD_DIR=\"${BUILD_DIR}\" BUILD_ROOT=\"${BUILD_ROOT}\" clean build\n \ncp -R \"${BUILD_DIR}/${CONFIGURATION}-iphoneos/${PROJECT_NAME}.framework\" \"${UNIVERSAL_OUTPUTFOLDER}\"\ncp -R \"${BUILD_DIR}/${CONFIGURATION}-iphonesimulator/${PROJECT_NAME}.framework/Modules/${PROJECT_NAME}.swiftmodule/.\" \"${UNIVERSAL_OUTPUTFOLDER}/${PROJECT_NAME}.framework/Modules/${PROJECT_NAME}.swiftmodule\"\n \nlipo -create -output \"${BUILD_DIR}/${CONFIGURATION}-universal/${PROJECT_NAME}.framework/${PROJECT_NAME}\" \"${BUILD_DIR}/${CONFIGURATION}-iphonesimulator/${PROJECT_NAME}.framework/${PROJECT_NAME}\" \"${BUILD_DIR}/${CONFIGURATION}-iphoneos/${PROJECT_NAME}.framework/${PROJECT_NAME}\"\n \nopen \"${UNIVERSAL_OUTPUTFOLDER}\"\n\n";
		};
/* End PBXShellScriptBuildPhase section */

/* Begin PBXSourcesBuildPhase section */
		6D46792A256A16DB006D57DD /* Sources */ = {
			isa = PBXSourcesBuildPhase;
			buildActionMask = 2147483647;
			files = (
				6D467AAA256AB07A006D57DD /* WildCardUIView.m in Sources */,
				6D467AC8256AB07A006D57DD /* WildCardUtil.m in Sources */,
				6D467A8D256AB07A006D57DD /* WildCardIndicatorView.m in Sources */,
				6D467ABC256AB07A006D57DD /* WildCardTrigger.m in Sources */,
				6D467AAE256AB07A006D57DD /* MappingSyntaxInterpreter.m in Sources */,
				6D467AAB256AB07A006D57DD /* WildCardMeta.m in Sources */,
				6D467ABB256AB07A006D57DD /* WildCardViewPagerLeftAction.m in Sources */,
				6D467AC7256AB07A006D57DD /* WildCardFunction.m in Sources */,
				6D467ABD256AB07A006D57DD /* WildCardApplyAgainAction.m in Sources */,
				6D467B87257CD9F3006D57DD /* WildCardUIButton.m in Sources */,
				6D467A8C256AB07A006D57DD /* WildCardLCAnimatedPageControl.m in Sources */,
				6D467A90256AB07A006D57DD /* ReplaceRuleExtension.m in Sources */,
				6D467B8D257CF2F7006D57DD /* JevilAction.m in Sources */,
				6D467AAF256AB07A006D57DD /* WildCardLayoutPathUnit.m in Sources */,
				6D467A93256AB07A006D57DD /* ReplaceRuleRepeat.m in Sources */,
				6D467AA0256AB07A006D57DD /* ReplaceRuleLocalImage.m in Sources */,
				6D467AA3256AB07A006D57DD /* ReplaceRuleText.m in Sources */,
				6D467A83256AB07A006D57DD /* WildCardNextChain.m in Sources */,
				6D467A99256AB07A006D57DD /* ReplaceRuleReplaceUrl.m in Sources */,
				6D467AC9256AB07A006D57DD /* WildCardConstructor.m in Sources */,
				6D467A8E256AB07A006D57DD /* WildCardUITextField.m in Sources */,
				6D467A9E256AB07A006D57DD /* ReplaceRuleColor.m in Sources */,
				6D467A92256AB07A006D57DD /* ReplaceRuleImage.m in Sources */,
				6D467AB4256AB07A006D57DD /* WildCardCollectionViewAdapter.m in Sources */,
				6D467B7F257A3010006D57DD /* DevilWebView.m in Sources */,
				6D467A9B256AB07A006D57DD /* ReplaceRule.m in Sources */,
				6D467AB3256AB07A006D57DD /* WildCardGridView.m in Sources */,
				6D467AAC256AB07A006D57DD /* WildCardCollectionViewHelper.m in Sources */,
				6D467AC1256AB07A006D57DD /* WildCardCustomAction.m in Sources */,
				6D467AB2256AB07A006D57DD /* WildCardUILabel.m in Sources */,
				6D4679E9256AA5EA006D57DD /* DevilSdk.m in Sources */,
				6D467B94257CF51A006D57DD /* WildCardDrawerView.m in Sources */,
				6D467A97256AB07A006D57DD /* ReplaceRuleHidden.m in Sources */,
				6D467AB7256AB07A006D57DD /* WildCardSetTextAction.m in Sources */,
				6D44336A2588065400B0E616 /* JevilCtx.m in Sources */,
				6D467AB9256AB07A006D57DD /* WildCardAction.m in Sources */,
				6D467B6D257A2F16006D57DD /* DevilBaseController.m in Sources */,
				6D467AA1256AB07A006D57DD /* ReplaceRuleImageResource.m in Sources */,
				6D467A95256AB07A006D57DD /* ReplaceRuleClick.m in Sources */,
				6D467B63257A268C006D57DD /* DevilHeader.m in Sources */,
				6D467AA7256AB07A006D57DD /* WildCardScreenTableView.m in Sources */,
				6D467B73257A2F27006D57DD /* DevilController.m in Sources */,
				6D467ABF256AB07A006D57DD /* WildCardUITapGestureRecognizer.m in Sources */,
				6D467B79257A2FFD006D57DD /* DevilWebViewController.m in Sources */,
				6D467AC6256AB07A006D57DD /* WildCardExtensionConstructor.m in Sources */,
				6D467AB6256AB07A006D57DD /* WildCardViewPagerRightAction.m in Sources */,
				6D44337025881C3800B0E616 /* Jevil.m in Sources */,
			);
			runOnlyForDeploymentPostprocessing = 0;
		};
/* End PBXSourcesBuildPhase section */

/* Begin XCBuildConfiguration section */
		6D467934256A16DB006D57DD /* Debug */ = {
			isa = XCBuildConfiguration;
			buildSettings = {
				ALWAYS_SEARCH_USER_PATHS = NO;
				CLANG_ANALYZER_NONNULL = YES;
				CLANG_ANALYZER_NUMBER_OBJECT_CONVERSION = YES_AGGRESSIVE;
				CLANG_CXX_LANGUAGE_STANDARD = "gnu++14";
				CLANG_CXX_LIBRARY = "libc++";
				CLANG_ENABLE_MODULES = YES;
				CLANG_ENABLE_OBJC_ARC = YES;
				CLANG_ENABLE_OBJC_WEAK = YES;
				CLANG_WARN_BLOCK_CAPTURE_AUTORELEASING = YES;
				CLANG_WARN_BOOL_CONVERSION = YES;
				CLANG_WARN_COMMA = YES;
				CLANG_WARN_CONSTANT_CONVERSION = YES;
				CLANG_WARN_DEPRECATED_OBJC_IMPLEMENTATIONS = YES;
				CLANG_WARN_DIRECT_OBJC_ISA_USAGE = YES_ERROR;
				CLANG_WARN_DOCUMENTATION_COMMENTS = YES;
				CLANG_WARN_EMPTY_BODY = YES;
				CLANG_WARN_ENUM_CONVERSION = YES;
				CLANG_WARN_INFINITE_RECURSION = YES;
				CLANG_WARN_INT_CONVERSION = YES;
				CLANG_WARN_NON_LITERAL_NULL_CONVERSION = YES;
				CLANG_WARN_OBJC_IMPLICIT_RETAIN_SELF = YES;
				CLANG_WARN_OBJC_LITERAL_CONVERSION = YES;
				CLANG_WARN_OBJC_ROOT_CLASS = YES_ERROR;
				CLANG_WARN_QUOTED_INCLUDE_IN_FRAMEWORK_HEADER = YES;
				CLANG_WARN_RANGE_LOOP_ANALYSIS = YES;
				CLANG_WARN_STRICT_PROTOTYPES = YES;
				CLANG_WARN_SUSPICIOUS_MOVE = YES;
				CLANG_WARN_UNGUARDED_AVAILABILITY = YES_AGGRESSIVE;
				CLANG_WARN_UNREACHABLE_CODE = YES;
				CLANG_WARN__DUPLICATE_METHOD_MATCH = YES;
				COPY_PHASE_STRIP = NO;
				CURRENT_PROJECT_VERSION = 1;
				DEBUG_INFORMATION_FORMAT = dwarf;
				ENABLE_STRICT_OBJC_MSGSEND = YES;
				ENABLE_TESTABILITY = YES;
				GCC_C_LANGUAGE_STANDARD = gnu11;
				GCC_DYNAMIC_NO_PIC = NO;
				GCC_NO_COMMON_BLOCKS = YES;
				GCC_OPTIMIZATION_LEVEL = 0;
				GCC_PREPROCESSOR_DEFINITIONS = (
					"DEBUG=1",
					"$(inherited)",
				);
				GCC_WARN_64_TO_32_BIT_CONVERSION = YES;
				GCC_WARN_ABOUT_RETURN_TYPE = YES_ERROR;
				GCC_WARN_UNDECLARED_SELECTOR = YES;
				GCC_WARN_UNINITIALIZED_AUTOS = YES_AGGRESSIVE;
				GCC_WARN_UNUSED_FUNCTION = YES;
				GCC_WARN_UNUSED_VARIABLE = YES;
				IPHONEOS_DEPLOYMENT_TARGET = 10.3;
				MTL_ENABLE_DEBUG_INFO = INCLUDE_SOURCE;
				MTL_FAST_MATH = YES;
				ONLY_ACTIVE_ARCH = YES;
				SDKROOT = iphoneos;
				VERSIONING_SYSTEM = "apple-generic";
				VERSION_INFO_PREFIX = "";
			};
			name = Debug;
		};
		6D467935256A16DB006D57DD /* Release */ = {
			isa = XCBuildConfiguration;
			buildSettings = {
				ALWAYS_SEARCH_USER_PATHS = NO;
				CLANG_ANALYZER_NONNULL = YES;
				CLANG_ANALYZER_NUMBER_OBJECT_CONVERSION = YES_AGGRESSIVE;
				CLANG_CXX_LANGUAGE_STANDARD = "gnu++14";
				CLANG_CXX_LIBRARY = "libc++";
				CLANG_ENABLE_MODULES = YES;
				CLANG_ENABLE_OBJC_ARC = YES;
				CLANG_ENABLE_OBJC_WEAK = YES;
				CLANG_WARN_BLOCK_CAPTURE_AUTORELEASING = YES;
				CLANG_WARN_BOOL_CONVERSION = YES;
				CLANG_WARN_COMMA = YES;
				CLANG_WARN_CONSTANT_CONVERSION = YES;
				CLANG_WARN_DEPRECATED_OBJC_IMPLEMENTATIONS = YES;
				CLANG_WARN_DIRECT_OBJC_ISA_USAGE = YES_ERROR;
				CLANG_WARN_DOCUMENTATION_COMMENTS = YES;
				CLANG_WARN_EMPTY_BODY = YES;
				CLANG_WARN_ENUM_CONVERSION = YES;
				CLANG_WARN_INFINITE_RECURSION = YES;
				CLANG_WARN_INT_CONVERSION = YES;
				CLANG_WARN_NON_LITERAL_NULL_CONVERSION = YES;
				CLANG_WARN_OBJC_IMPLICIT_RETAIN_SELF = YES;
				CLANG_WARN_OBJC_LITERAL_CONVERSION = YES;
				CLANG_WARN_OBJC_ROOT_CLASS = YES_ERROR;
				CLANG_WARN_QUOTED_INCLUDE_IN_FRAMEWORK_HEADER = YES;
				CLANG_WARN_RANGE_LOOP_ANALYSIS = YES;
				CLANG_WARN_STRICT_PROTOTYPES = YES;
				CLANG_WARN_SUSPICIOUS_MOVE = YES;
				CLANG_WARN_UNGUARDED_AVAILABILITY = YES_AGGRESSIVE;
				CLANG_WARN_UNREACHABLE_CODE = YES;
				CLANG_WARN__DUPLICATE_METHOD_MATCH = YES;
				COPY_PHASE_STRIP = NO;
				CURRENT_PROJECT_VERSION = 1;
				DEBUG_INFORMATION_FORMAT = "dwarf-with-dsym";
				ENABLE_NS_ASSERTIONS = NO;
				ENABLE_STRICT_OBJC_MSGSEND = YES;
				GCC_C_LANGUAGE_STANDARD = gnu11;
				GCC_NO_COMMON_BLOCKS = YES;
				GCC_WARN_64_TO_32_BIT_CONVERSION = YES;
				GCC_WARN_ABOUT_RETURN_TYPE = YES_ERROR;
				GCC_WARN_UNDECLARED_SELECTOR = YES;
				GCC_WARN_UNINITIALIZED_AUTOS = YES_AGGRESSIVE;
				GCC_WARN_UNUSED_FUNCTION = YES;
				GCC_WARN_UNUSED_VARIABLE = YES;
				IPHONEOS_DEPLOYMENT_TARGET = 10.3;
				MTL_ENABLE_DEBUG_INFO = NO;
				MTL_FAST_MATH = YES;
				SDKROOT = iphoneos;
				VALIDATE_PRODUCT = YES;
				VERSIONING_SYSTEM = "apple-generic";
				VERSION_INFO_PREFIX = "";
			};
			name = Release;
		};
		6D467937256A16DB006D57DD /* Debug */ = {
			isa = XCBuildConfiguration;
			buildSettings = {
				ARCHS = (
					armv7,
					armv7s,
					arm64,
					i386,
					x86_64,
				);
				CODE_SIGN_STYLE = Automatic;
				DEFINES_MODULE = YES;
				DEVELOPMENT_TEAM = 3675B8UJSV;
				DYLIB_COMPATIBILITY_VERSION = 1;
				DYLIB_CURRENT_VERSION = 1;
				DYLIB_INSTALL_NAME_BASE = "@rpath";
				INFOPLIST_FILE = devilcore/Info.plist;
				INSTALL_PATH = "$(LOCAL_LIBRARY_DIR)/Frameworks";
				LD_RUNPATH_SEARCH_PATHS = (
					"$(inherited)",
					"@executable_path/Frameworks",
					"@loader_path/Frameworks",
				);
				ONLY_ACTIVE_ARCH = NO;
				PRODUCT_BUNDLE_IDENTIFIER = kr.co.july.devilcore;
				PRODUCT_NAME = "$(TARGET_NAME:c99extidentifier)";
				SKIP_INSTALL = YES;
				TARGETED_DEVICE_FAMILY = "1,2";
			};
			name = Debug;
		};
		6D467938256A16DB006D57DD /* Release */ = {
			isa = XCBuildConfiguration;
			buildSettings = {
				ARCHS = (
					armv7,
					armv7s,
					arm64,
					i386,
					x86_64,
				);
				CODE_SIGN_STYLE = Automatic;
				DEFINES_MODULE = YES;
				DEVELOPMENT_TEAM = 3675B8UJSV;
				DYLIB_COMPATIBILITY_VERSION = 1;
				DYLIB_CURRENT_VERSION = 1;
				DYLIB_INSTALL_NAME_BASE = "@rpath";
				INFOPLIST_FILE = devilcore/Info.plist;
				INSTALL_PATH = "$(LOCAL_LIBRARY_DIR)/Frameworks";
				LD_RUNPATH_SEARCH_PATHS = (
					"$(inherited)",
					"@executable_path/Frameworks",
					"@loader_path/Frameworks",
				);
				PRODUCT_BUNDLE_IDENTIFIER = kr.co.july.devilcore;
				PRODUCT_NAME = "$(TARGET_NAME:c99extidentifier)";
				SKIP_INSTALL = YES;
				TARGETED_DEVICE_FAMILY = "1,2";
			};
			name = Release;
		};
		6D4679AE256A5614006D57DD /* Debug */ = {
			isa = XCBuildConfiguration;
			buildSettings = {
				ARCHS = (
					armv7,
					armv7s,
					arm64,
					i386,
					x86_64,
				);
				CODE_SIGN_STYLE = Automatic;
				DEVELOPMENT_TEAM = 3675B8UJSV;
				ONLY_ACTIVE_ARCH = NO;
				PRODUCT_NAME = "$(TARGET_NAME)";
			};
			name = Debug;
		};
		6D4679AF256A5614006D57DD /* Release */ = {
			isa = XCBuildConfiguration;
			buildSettings = {
				ARCHS = (
					armv7,
					armv7s,
					arm64,
					i386,
					x86_64,
				);
				CODE_SIGN_STYLE = Automatic;
				DEVELOPMENT_TEAM = 3675B8UJSV;
				PRODUCT_NAME = "$(TARGET_NAME)";
			};
			name = Release;
		};
/* End XCBuildConfiguration section */

/* Begin XCConfigurationList section */
		6D467928256A16DB006D57DD /* Build configuration list for PBXProject "devilcore" */ = {
			isa = XCConfigurationList;
			buildConfigurations = (
				6D467934256A16DB006D57DD /* Debug */,
				6D467935256A16DB006D57DD /* Release */,
			);
			defaultConfigurationIsVisible = 0;
			defaultConfigurationName = Release;
		};
		6D467936256A16DB006D57DD /* Build configuration list for PBXNativeTarget "devilcore" */ = {
			isa = XCConfigurationList;
			buildConfigurations = (
				6D467937256A16DB006D57DD /* Debug */,
				6D467938256A16DB006D57DD /* Release */,
			);
			defaultConfigurationIsVisible = 0;
			defaultConfigurationName = Release;
		};
		6D4679AD256A5614006D57DD /* Build configuration list for PBXAggregateTarget "UniversalDevilCore" */ = {
			isa = XCConfigurationList;
			buildConfigurations = (
				6D4679AE256A5614006D57DD /* Debug */,
				6D4679AF256A5614006D57DD /* Release */,
			);
			defaultConfigurationIsVisible = 0;
			defaultConfigurationName = Release;
		};
/* End XCConfigurationList section */
	};
	rootObject = 6D467925256A16DB006D57DD /* Project object */;
}
