// !$*UTF8*$!
{
	archiveVersion = 1;
	classes = {
	};
	objectVersion = 46;
	objects = {

/* Begin PBXBuildFile section */
		6D0224EE2613959900634842 /* devillogin.podspec in Resources */ = {isa = PBXBuildFile; fileRef = 6D0224ED2613959900634842 /* devillogin.podspec */; };
		6D0224F026143D8300634842 /* devilcore.podspec in Resources */ = {isa = PBXBuildFile; fileRef = 6D0224EF26143D8300634842 /* devilcore.podspec */; };
		6D0A69EC2AB9DB2D00140B43 /* Pods_devil.framework in Frameworks */ = {isa = PBXBuildFile; fileRef = 2D7272D425B6C30572295CD1 /* Pods_devil.framework */; };
		6D0A69EE2AB9DB5700140B43 /* devilnfc.framework in Frameworks */ = {isa = PBXBuildFile; fileRef = 6D62FB0828DD7A0B0094426E /* devilnfc.framework */; };
		6D0A69EF2AB9DB5700140B43 /* devilnfc.framework in Embed Frameworks */ = {isa = PBXBuildFile; fileRef = 6D62FB0828DD7A0B0094426E /* devilnfc.framework */; settings = {ATTRIBUTES = (CodeSignOnCopy, RemoveHeadersOnCopy, ); }; };
		6D0A69F02AB9DB8100140B43 /* devilwebrtc.framework in Frameworks */ = {isa = PBXBuildFile; fileRef = 6D0A69A52AB5824300140B43 /* devilwebrtc.framework */; };
		6D0A69F12AB9DB8100140B43 /* devilwebrtc.framework in Embed Frameworks */ = {isa = PBXBuildFile; fileRef = 6D0A69A52AB5824300140B43 /* devilwebrtc.framework */; settings = {ATTRIBUTES = (CodeSignOnCopy, RemoveHeadersOnCopy, ); }; };
		6D0A69F72AB9E10700140B43 /* WebRTC.framework in Frameworks */ = {isa = PBXBuildFile; fileRef = 6D0A69F52AB9E0FC00140B43 /* WebRTC.framework */; };
		6D0A69F82AB9E10700140B43 /* WebRTC.framework in Embed Frameworks */ = {isa = PBXBuildFile; fileRef = 6D0A69F52AB9E0FC00140B43 /* WebRTC.framework */; settings = {ATTRIBUTES = (CodeSignOnCopy, RemoveHeadersOnCopy, ); }; };
		6D0A69FA2AB9E12A00140B43 /* devilbill.framework in Frameworks */ = {isa = PBXBuildFile; fileRef = 6D0A69F92AB9E12A00140B43 /* devilbill.framework */; };
		6D0A69FB2AB9E12B00140B43 /* devilbill.framework in Embed Frameworks */ = {isa = PBXBuildFile; fileRef = 6D0A69F92AB9E12A00140B43 /* devilbill.framework */; settings = {ATTRIBUTES = (CodeSignOnCopy, RemoveHeadersOnCopy, ); }; };
		6D132B9C255E6E0F00004E1F /* JulyUtil.m in Sources */ = {isa = PBXBuildFile; fileRef = 6D132B90255E6E0F00004E1F /* JulyUtil.m */; };
		6D132B9F255E6E0F00004E1F /* CustomIOSAlertView.m in Sources */ = {isa = PBXBuildFile; fileRef = 6D132B98255E6E0F00004E1F /* CustomIOSAlertView.m */; };
		6D132BA0255E6E0F00004E1F /* HttpUtil.mm in Sources */ = {isa = PBXBuildFile; fileRef = 6D132B99255E6E0F00004E1F /* HttpUtil.mm */; };
		6D132BA1255E6E0F00004E1F /* DeepLink.m in Sources */ = {isa = PBXBuildFile; fileRef = 6D132B9A255E6E0F00004E1F /* DeepLink.m */; };
		6D132BBB255E751C00004E1F /* GoogleService-Info.plist in Resources */ = {isa = PBXBuildFile; fileRef = 6D132BBA255E751C00004E1F /* GoogleService-Info.plist */; };
		6D132BC5255E76F400004E1F /* loading.json in Resources */ = {isa = PBXBuildFile; fileRef = 6D132BC3255E76F400004E1F /* loading.json */; };
		6D4678CC2567B1E2006D57DD /* BaseController.m in Sources */ = {isa = PBXBuildFile; fileRef = 6D4678B62567B1E2006D57DD /* BaseController.m */; };
		6D4678CD2567B1E2006D57DD /* MainController.m in Sources */ = {isa = PBXBuildFile; fileRef = 6D4678B92567B1E2006D57DD /* MainController.m */; };
		6D4678CE2567B1E2006D57DD /* LoginController.m in Sources */ = {isa = PBXBuildFile; fileRef = 6D4678BB2567B1E2006D57DD /* LoginController.m */; };
		6D4678CF2567B1E2006D57DD /* Devil.m in Sources */ = {isa = PBXBuildFile; fileRef = 6D4678BC2567B1E2006D57DD /* Devil.m */; };
		6D4678D22567B1E2006D57DD /* LaunchScreen.storyboard in Resources */ = {isa = PBXBuildFile; fileRef = 6D4678BF2567B1E2006D57DD /* LaunchScreen.storyboard */; };
		6D4678D42567B1E2006D57DD /* main.m in Sources */ = {isa = PBXBuildFile; fileRef = 6D4678C42567B1E2006D57DD /* main.m */; };
		6D4678D52567B1E2006D57DD /* AppDelegate.m in Sources */ = {isa = PBXBuildFile; fileRef = 6D4678C62567B1E2006D57DD /* AppDelegate.m */; };
		6D4678D62567B1E2006D57DD /* SubController.m in Sources */ = {isa = PBXBuildFile; fileRef = 6D4678C92567B1E2006D57DD /* SubController.m */; };
		6D4678DB2567B24C006D57DD /* Assets.xcassets in Resources */ = {isa = PBXBuildFile; fileRef = 6D4678DA2567B24C006D57DD /* Assets.xcassets */; };
		6D4678E12567D46D006D57DD /* FirstController.m in Sources */ = {isa = PBXBuildFile; fileRef = 6D4678DF2567D46D006D57DD /* FirstController.m */; };
		6D4678E22567D46D006D57DD /* FirstController.xib in Resources */ = {isa = PBXBuildFile; fileRef = 6D4678E02567D46D006D57DD /* FirstController.xib */; };
		6D4679132567DD61006D57DD /* JoinController.m in Sources */ = {isa = PBXBuildFile; fileRef = 6D4679122567DD61006D57DD /* JoinController.m */; };
		6D4679182567DDE3006D57DD /* WebController.m in Sources */ = {isa = PBXBuildFile; fileRef = 6D4679172567DDE3006D57DD /* WebController.m */; };
		6D46791E25699108006D57DD /* back_black@3x.png in Resources */ = {isa = PBXBuildFile; fileRef = 6D46791D25699107006D57DD /* back_black@3x.png */; };
		6D4679AA256A51B9006D57DD /* devil.podspec in Resources */ = {isa = PBXBuildFile; fileRef = 6D4679A9256A51B9006D57DD /* devil.podspec */; };
		6D467A35256AAE12006D57DD /* Void.swift in Sources */ = {isa = PBXBuildFile; fileRef = 6D467A34256AAE12006D57DD /* Void.swift */; };
		6D467AF4256AB3DF006D57DD /* devilcore.framework in Embed Frameworks */ = {isa = PBXBuildFile; fileRef = 6D467AED256AB1B0006D57DD /* devilcore.framework */; settings = {ATTRIBUTES = (CodeSignOnCopy, RemoveHeadersOnCopy, ); }; };
		6D467B69257A2E18006D57DD /* refresh@3x.png in Resources */ = {isa = PBXBuildFile; fileRef = 6D467B68257A2E17006D57DD /* refresh@3x.png */; };
		6D52E6112619988700935D3A /* devil.plist in Resources */ = {isa = PBXBuildFile; fileRef = 6D52E6102619988700935D3A /* devil.plist */; };
		6D62FAFA28DD75F00094426E /* devilnfc.podspec in Resources */ = {isa = PBXBuildFile; fileRef = 6D62FAF928DD75F00094426E /* devilnfc.podspec */; };
		6D6D31042869CC3500E6466A /* devillogin.framework in Embed Frameworks */ = {isa = PBXBuildFile; fileRef = 6D22CF6125FFB25C00A1CB25 /* devillogin.framework */; settings = {ATTRIBUTES = (CodeSignOnCopy, RemoveHeadersOnCopy, ); }; };
		6D7F7A9628D40BD100F67029 /* SceneDelegate.m in Sources */ = {isa = PBXBuildFile; fileRef = 6D7F7A9528D40BD100F67029 /* SceneDelegate.m */; };
		6D86290B287E50BA00E62B7B /* StoreKit.framework in Frameworks */ = {isa = PBXBuildFile; fileRef = 6D86290A287E50BA00E62B7B /* StoreKit.framework */; };
		6DAAD9DE265FF8BA00FE5682 /* DevilNaverLoginCallback.m in Sources */ = {isa = PBXBuildFile; fileRef = 6DAAD9DD265FF8BA00FE5682 /* DevilNaverLoginCallback.m */; };
		6DACD00328DD61E7002E7409 /* devilextra.framework in Frameworks */ = {isa = PBXBuildFile; fileRef = 6DACD00228DD61E7002E7409 /* devilextra.framework */; };
		6DACD00428DD61E7002E7409 /* devilextra.framework in Embed Frameworks */ = {isa = PBXBuildFile; fileRef = 6DACD00228DD61E7002E7409 /* devilextra.framework */; settings = {ATTRIBUTES = (CodeSignOnCopy, RemoveHeadersOnCopy, ); }; };
		6DACD01428DD64AA002E7409 /* devilhealth.podspec in Resources */ = {isa = PBXBuildFile; fileRef = 6DACD01328DD64AA002E7409 /* devilhealth.podspec */; };
		6DBC7CFA286AF4C90037ED1A /* Podfile.lock in Resources */ = {isa = PBXBuildFile; fileRef = 6DBC7CF9286AF4C90037ED1A /* Podfile.lock */; };
		6DC1624A26917AC900FD769C /* c.sh in Resources */ = {isa = PBXBuildFile; fileRef = 6DC1624926917AC900FD769C /* c.sh */; };
		6DC6783226E76CDC0005728A /* xbutton@3x.png in Resources */ = {isa = PBXBuildFile; fileRef = 6DC6783126E76CDC0005728A /* xbutton@3x.png */; };
		6DD47A9E26AE946600F4B3E4 /* MyDevilController.m in Sources */ = {isa = PBXBuildFile; fileRef = 6DD47A9D26AE946600F4B3E4 /* MyDevilController.m */; };
		6DDAC3B9260C89F400E76300 /* Test.swift in Sources */ = {isa = PBXBuildFile; fileRef = 6DDAC3B8260C89F400E76300 /* Test.swift */; };
		6DE2BAED278AC802008344DE /* MainV2Controller.m in Sources */ = {isa = PBXBuildFile; fileRef = 6DE2BAEC278AC802008344DE /* MainV2Controller.m */; };
		6DE2BAF0278B2B1F008344DE /* LearningController.m in Sources */ = {isa = PBXBuildFile; fileRef = 6DE2BAEF278B2B1F008344DE /* LearningController.m */; };
		6DE2BAF3278B3011008344DE /* DebugLearningView.m in Sources */ = {isa = PBXBuildFile; fileRef = 6DE2BAF2278B3011008344DE /* DebugLearningView.m */; };
		6DE2BAF5278B3CBC008344DE /* devil_learning_icon@3x.png in Resources */ = {isa = PBXBuildFile; fileRef = 6DE2BAF4278B3CBC008344DE /* devil_learning_icon@3x.png */; };
		6DE2BAF8278B4B0F008344DE /* JevilLearning.m in Sources */ = {isa = PBXBuildFile; fileRef = 6DE2BAF7278B4B0F008344DE /* JevilLearning.m */; };
		6DE55C9F2AB04460004B7612 /* devilwebrtc.podspec in Resources */ = {isa = PBXBuildFile; fileRef = 6DE55C9E2AB04460004B7612 /* devilwebrtc.podspec */; };
		6DEC18832861427500B3FE88 /* README.md in Resources */ = {isa = PBXBuildFile; fileRef = 6DEC18822861427500B3FE88 /* README.md */; };
		6DF458EC2A7D4FD600E20636 /* devilextra.podspec in Resources */ = {isa = PBXBuildFile; fileRef = 6DF458EB2A7D4FD600E20636 /* devilextra.podspec */; };
		6DF458F42A7D508B00E20636 /* devilbill.podspec in Resources */ = {isa = PBXBuildFile; fileRef = 6DF458F32A7D508B00E20636 /* devilbill.podspec */; };
		6DF50F942A5C75E8006160A0 /* libcapbl.a in Frameworks */ = {isa = PBXBuildFile; fileRef = 6DF50F7F2A5C75E8006160A0 /* libcapbl.a */; };
		6DF50F952A5C75E8006160A0 /* CapblSecureViewController.m in Sources */ = {isa = PBXBuildFile; fileRef = 6DF50F802A5C75E8006160A0 /* CapblSecureViewController.m */; };
		6DF50F962A5C75E8006160A0 /* CapblMainViewController.xib in Resources */ = {isa = PBXBuildFile; fileRef = 6DF50F812A5C75E8006160A0 /* CapblMainViewController.xib */; };
		6DF50F972A5C75E8006160A0 /* CapblPartialController.xib in Resources */ = {isa = PBXBuildFile; fileRef = 6DF50F872A5C75E8006160A0 /* CapblPartialController.xib */; };
		6DF50F982A5C75E8006160A0 /* CapblTableController.xib in Resources */ = {isa = PBXBuildFile; fileRef = 6DF50F882A5C75E8006160A0 /* CapblTableController.xib */; };
		6DF50F992A5C75E8006160A0 /* CapblWebController.m in Sources */ = {isa = PBXBuildFile; fileRef = 6DF50F8A2A5C75E8006160A0 /* CapblWebController.m */; };
		6DF50F9A2A5C75E8006160A0 /* CapblMainViewController.m in Sources */ = {isa = PBXBuildFile; fileRef = 6DF50F8B2A5C75E8006160A0 /* CapblMainViewController.m */; };
		6DF50F9B2A5C75E8006160A0 /* CapblTableController.m in Sources */ = {isa = PBXBuildFile; fileRef = 6DF50F8C2A5C75E8006160A0 /* CapblTableController.m */; };
		6DF50F9C2A5C75E8006160A0 /* CapblWebController.xib in Resources */ = {isa = PBXBuildFile; fileRef = 6DF50F8D2A5C75E8006160A0 /* CapblWebController.xib */; };
		6DF50F9D2A5C75E8006160A0 /* CapblSecureViewController.xib in Resources */ = {isa = PBXBuildFile; fileRef = 6DF50F8E2A5C75E8006160A0 /* CapblSecureViewController.xib */; };
		6DF50F9E2A5C75E8006160A0 /* CapblPartialController.m in Sources */ = {isa = PBXBuildFile; fileRef = 6DF50F902A5C75E8006160A0 /* CapblPartialController.m */; };
/* End PBXBuildFile section */

/* Begin PBXCopyFilesBuildPhase section */
		6D467998256A174F006D57DD /* Embed Frameworks */ = {
			isa = PBXCopyFilesBuildPhase;
			buildActionMask = 2147483647;
			dstPath = "";
			dstSubfolderSpec = 10;
			files = (
				6D6D31042869CC3500E6466A /* devillogin.framework in Embed Frameworks */,
				6D467AF4256AB3DF006D57DD /* devilcore.framework in Embed Frameworks */,
				6D0A69EF2AB9DB5700140B43 /* devilnfc.framework in Embed Frameworks */,
				6D0A69FB2AB9E12B00140B43 /* devilbill.framework in Embed Frameworks */,
				6D0A69F12AB9DB8100140B43 /* devilwebrtc.framework in Embed Frameworks */,
				6DACD00428DD61E7002E7409 /* devilextra.framework in Embed Frameworks */,
				6D0A69F82AB9E10700140B43 /* WebRTC.framework in Embed Frameworks */,
			);
			name = "Embed Frameworks";
			runOnlyForDeploymentPostprocessing = 0;
		};
/* End PBXCopyFilesBuildPhase section */

/* Begin PBXFileReference section */
		2C62D2C300C12F33B6DD4A1C /* Pods-devil.debug.xcconfig */ = {isa = PBXFileReference; includeInIndex = 1; lastKnownFileType = text.xcconfig; name = "Pods-devil.debug.xcconfig"; path = "Target Support Files/Pods-devil/Pods-devil.debug.xcconfig"; sourceTree = "<group>"; };
		2D7272D425B6C30572295CD1 /* Pods_devil.framework */ = {isa = PBXFileReference; explicitFileType = wrapper.framework; includeInIndex = 0; path = Pods_devil.framework; sourceTree = BUILT_PRODUCTS_DIR; };
		56A327FF4E9BB40D9C0A5C96 /* Pods-devil.release.xcconfig */ = {isa = PBXFileReference; includeInIndex = 1; lastKnownFileType = text.xcconfig; name = "Pods-devil.release.xcconfig"; path = "Target Support Files/Pods-devil/Pods-devil.release.xcconfig"; sourceTree = "<group>"; };
		6D0224ED2613959900634842 /* devillogin.podspec */ = {isa = PBXFileReference; fileEncoding = 4; lastKnownFileType = text; path = devillogin.podspec; sourceTree = "<group>"; };
		6D0224EF26143D8300634842 /* devilcore.podspec */ = {isa = PBXFileReference; fileEncoding = 4; lastKnownFileType = text; path = devilcore.podspec; sourceTree = "<group>"; };
		6D0A69A52AB5824300140B43 /* devilwebrtc.framework */ = {isa = PBXFileReference; explicitFileType = wrapper.framework; path = devilwebrtc.framework; sourceTree = BUILT_PRODUCTS_DIR; };
		6D0A69F52AB9E0FC00140B43 /* WebRTC.framework */ = {isa = PBXFileReference; lastKnownFileType = wrapper.framework; name = WebRTC.framework; path = Pods/GoogleWebRTC/Frameworks/frameworks/WebRTC.framework; sourceTree = "<group>"; };
		6D0A69F92AB9E12A00140B43 /* devilbill.framework */ = {isa = PBXFileReference; explicitFileType = wrapper.framework; path = devilbill.framework; sourceTree = BUILT_PRODUCTS_DIR; };
		6D132B8F255E6E0F00004E1F /* JulyUtil.h */ = {isa = PBXFileReference; fileEncoding = 4; lastKnownFileType = sourcecode.c.h; path = JulyUtil.h; sourceTree = "<group>"; };
		6D132B90255E6E0F00004E1F /* JulyUtil.m */ = {isa = PBXFileReference; fileEncoding = 4; lastKnownFileType = sourcecode.c.objc; path = JulyUtil.m; sourceTree = "<group>"; };
		6D132B91255E6E0F00004E1F /* HttpUtil.h */ = {isa = PBXFileReference; fileEncoding = 4; lastKnownFileType = sourcecode.c.h; path = HttpUtil.h; sourceTree = "<group>"; };
		6D132B92255E6E0F00004E1F /* CustomIOSAlertView.h */ = {isa = PBXFileReference; fileEncoding = 4; lastKnownFileType = sourcecode.c.h; path = CustomIOSAlertView.h; sourceTree = "<group>"; };
		6D132B93255E6E0F00004E1F /* DeepLink.h */ = {isa = PBXFileReference; fileEncoding = 4; lastKnownFileType = sourcecode.c.h; path = DeepLink.h; sourceTree = "<group>"; };
		6D132B98255E6E0F00004E1F /* CustomIOSAlertView.m */ = {isa = PBXFileReference; fileEncoding = 4; lastKnownFileType = sourcecode.c.objc; path = CustomIOSAlertView.m; sourceTree = "<group>"; };
		6D132B99255E6E0F00004E1F /* HttpUtil.mm */ = {isa = PBXFileReference; fileEncoding = 4; lastKnownFileType = sourcecode.cpp.objcpp; path = HttpUtil.mm; sourceTree = "<group>"; };
		6D132B9A255E6E0F00004E1F /* DeepLink.m */ = {isa = PBXFileReference; fileEncoding = 4; lastKnownFileType = sourcecode.c.objc; path = DeepLink.m; sourceTree = "<group>"; };
		6D132BBA255E751C00004E1F /* GoogleService-Info.plist */ = {isa = PBXFileReference; fileEncoding = 4; lastKnownFileType = text.plist.xml; path = "GoogleService-Info.plist"; sourceTree = "<group>"; };
		6D132BC3255E76F400004E1F /* loading.json */ = {isa = PBXFileReference; fileEncoding = 4; lastKnownFileType = text.json; path = loading.json; sourceTree = "<group>"; };
		6D22CF6125FFB25C00A1CB25 /* devillogin.framework */ = {isa = PBXFileReference; explicitFileType = wrapper.framework; path = devillogin.framework; sourceTree = BUILT_PRODUCTS_DIR; };
		6D4678B62567B1E2006D57DD /* BaseController.m */ = {isa = PBXFileReference; fileEncoding = 4; lastKnownFileType = sourcecode.c.objc; path = BaseController.m; sourceTree = "<group>"; };
		6D4678B82567B1E2006D57DD /* AppDelegate.h */ = {isa = PBXFileReference; fileEncoding = 4; lastKnownFileType = sourcecode.c.h; path = AppDelegate.h; sourceTree = "<group>"; };
		6D4678B92567B1E2006D57DD /* MainController.m */ = {isa = PBXFileReference; fileEncoding = 4; lastKnownFileType = sourcecode.c.objc; path = MainController.m; sourceTree = "<group>"; };
		6D4678BA2567B1E2006D57DD /* SubController.h */ = {isa = PBXFileReference; fileEncoding = 4; lastKnownFileType = sourcecode.c.h; path = SubController.h; sourceTree = "<group>"; };
		6D4678BB2567B1E2006D57DD /* LoginController.m */ = {isa = PBXFileReference; fileEncoding = 4; lastKnownFileType = sourcecode.c.objc; path = LoginController.m; sourceTree = "<group>"; };
		6D4678BC2567B1E2006D57DD /* Devil.m */ = {isa = PBXFileReference; fileEncoding = 4; lastKnownFileType = sourcecode.c.objc; path = Devil.m; sourceTree = "<group>"; };
		6D4678C02567B1E2006D57DD /* Base */ = {isa = PBXFileReference; lastKnownFileType = file.storyboard; name = Base; path = Base.lproj/LaunchScreen.storyboard; sourceTree = "<group>"; };
		6D4678C32567B1E2006D57DD /* BaseController.h */ = {isa = PBXFileReference; fileEncoding = 4; lastKnownFileType = sourcecode.c.h; path = BaseController.h; sourceTree = "<group>"; };
		6D4678C42567B1E2006D57DD /* main.m */ = {isa = PBXFileReference; fileEncoding = 4; lastKnownFileType = sourcecode.c.objc; path = main.m; sourceTree = "<group>"; };
		6D4678C52567B1E2006D57DD /* MainController.h */ = {isa = PBXFileReference; fileEncoding = 4; lastKnownFileType = sourcecode.c.h; path = MainController.h; sourceTree = "<group>"; };
		6D4678C62567B1E2006D57DD /* AppDelegate.m */ = {isa = PBXFileReference; fileEncoding = 4; lastKnownFileType = sourcecode.c.objc; path = AppDelegate.m; sourceTree = "<group>"; };
		6D4678C72567B1E2006D57DD /* Devil.h */ = {isa = PBXFileReference; fileEncoding = 4; lastKnownFileType = sourcecode.c.h; path = Devil.h; sourceTree = "<group>"; };
		6D4678C82567B1E2006D57DD /* LoginController.h */ = {isa = PBXFileReference; fileEncoding = 4; lastKnownFileType = sourcecode.c.h; path = LoginController.h; sourceTree = "<group>"; };
		6D4678C92567B1E2006D57DD /* SubController.m */ = {isa = PBXFileReference; fileEncoding = 4; lastKnownFileType = sourcecode.c.objc; path = SubController.m; sourceTree = "<group>"; };
		6D4678CB2567B1E2006D57DD /* Info.plist */ = {isa = PBXFileReference; fileEncoding = 4; lastKnownFileType = text.plist.xml; path = Info.plist; sourceTree = "<group>"; };
		6D4678DA2567B24C006D57DD /* Assets.xcassets */ = {isa = PBXFileReference; lastKnownFileType = folder.assetcatalog; path = Assets.xcassets; sourceTree = "<group>"; };
		6D4678DE2567D46D006D57DD /* FirstController.h */ = {isa = PBXFileReference; lastKnownFileType = sourcecode.c.h; path = FirstController.h; sourceTree = "<group>"; };
		6D4678DF2567D46D006D57DD /* FirstController.m */ = {isa = PBXFileReference; lastKnownFileType = sourcecode.c.objc; path = FirstController.m; sourceTree = "<group>"; };
		6D4678E02567D46D006D57DD /* FirstController.xib */ = {isa = PBXFileReference; lastKnownFileType = file.xib; path = FirstController.xib; sourceTree = "<group>"; };
		6D4679112567DD61006D57DD /* JoinController.h */ = {isa = PBXFileReference; lastKnownFileType = sourcecode.c.h; path = JoinController.h; sourceTree = "<group>"; };
		6D4679122567DD61006D57DD /* JoinController.m */ = {isa = PBXFileReference; lastKnownFileType = sourcecode.c.objc; path = JoinController.m; sourceTree = "<group>"; };
		6D4679162567DDE3006D57DD /* WebController.h */ = {isa = PBXFileReference; lastKnownFileType = sourcecode.c.h; path = WebController.h; sourceTree = "<group>"; };
		6D4679172567DDE3006D57DD /* WebController.m */ = {isa = PBXFileReference; lastKnownFileType = sourcecode.c.objc; path = WebController.m; sourceTree = "<group>"; };
		6D46791A25680570006D57DD /* devil.entitlements */ = {isa = PBXFileReference; lastKnownFileType = text.plist.entitlements; path = devil.entitlements; sourceTree = "<group>"; };
		6D46791D25699107006D57DD /* back_black@3x.png */ = {isa = PBXFileReference; lastKnownFileType = image.png; path = "back_black@3x.png"; sourceTree = "<group>"; };
		6D4679A9256A51B9006D57DD /* devil.podspec */ = {isa = PBXFileReference; fileEncoding = 4; lastKnownFileType = text; path = devil.podspec; sourceTree = "<group>"; };
		6D467A33256AAE11006D57DD /* devil-Bridging-Header.h */ = {isa = PBXFileReference; lastKnownFileType = sourcecode.c.h; path = "devil-Bridging-Header.h"; sourceTree = "<group>"; };
		6D467A34256AAE12006D57DD /* Void.swift */ = {isa = PBXFileReference; lastKnownFileType = sourcecode.swift; path = Void.swift; sourceTree = "<group>"; };
		6D467AED256AB1B0006D57DD /* devilcore.framework */ = {isa = PBXFileReference; explicitFileType = wrapper.framework; path = devilcore.framework; sourceTree = BUILT_PRODUCTS_DIR; };
		6D467B68257A2E17006D57DD /* refresh@3x.png */ = {isa = PBXFileReference; lastKnownFileType = image.png; path = "refresh@3x.png"; sourceTree = "<group>"; };
		6D482D8C28C3CA920041A149 /* HealthKit.framework */ = {isa = PBXFileReference; lastKnownFileType = wrapper.framework; name = HealthKit.framework; path = System/Library/Frameworks/HealthKit.framework; sourceTree = SDKROOT; };
		6D52E6102619988700935D3A /* devil.plist */ = {isa = PBXFileReference; lastKnownFileType = text.plist.xml; path = devil.plist; sourceTree = "<group>"; };
		6D62FAF928DD75F00094426E /* devilnfc.podspec */ = {isa = PBXFileReference; fileEncoding = 4; lastKnownFileType = text; path = devilnfc.podspec; sourceTree = "<group>"; };
		6D62FB0828DD7A0B0094426E /* devilnfc.framework */ = {isa = PBXFileReference; explicitFileType = wrapper.framework; path = devilnfc.framework; sourceTree = BUILT_PRODUCTS_DIR; };
		6D7F7A9428D40BD100F67029 /* SceneDelegate.h */ = {isa = PBXFileReference; lastKnownFileType = sourcecode.c.h; path = SceneDelegate.h; sourceTree = "<group>"; };
		6D7F7A9528D40BD100F67029 /* SceneDelegate.m */ = {isa = PBXFileReference; lastKnownFileType = sourcecode.c.objc; path = SceneDelegate.m; sourceTree = "<group>"; };
		6D86290A287E50BA00E62B7B /* StoreKit.framework */ = {isa = PBXFileReference; lastKnownFileType = wrapper.framework; name = StoreKit.framework; path = System/Library/Frameworks/StoreKit.framework; sourceTree = SDKROOT; };
		6DAAD9DC265FF8BA00FE5682 /* DevilNaverLoginCallback.h */ = {isa = PBXFileReference; lastKnownFileType = sourcecode.c.h; path = DevilNaverLoginCallback.h; sourceTree = "<group>"; };
		6DAAD9DD265FF8BA00FE5682 /* DevilNaverLoginCallback.m */ = {isa = PBXFileReference; lastKnownFileType = sourcecode.c.objc; path = DevilNaverLoginCallback.m; sourceTree = "<group>"; };
		6DACD00228DD61E7002E7409 /* devilextra.framework */ = {isa = PBXFileReference; explicitFileType = wrapper.framework; path = devilextra.framework; sourceTree = BUILT_PRODUCTS_DIR; };
		6DACD01328DD64AA002E7409 /* devilhealth.podspec */ = {isa = PBXFileReference; fileEncoding = 4; lastKnownFileType = text; path = devilhealth.podspec; sourceTree = "<group>"; };
		6DBC7CF9286AF4C90037ED1A /* Podfile.lock */ = {isa = PBXFileReference; fileEncoding = 4; lastKnownFileType = text; path = Podfile.lock; sourceTree = "<group>"; };
		6DC1624926917AC900FD769C /* c.sh */ = {isa = PBXFileReference; fileEncoding = 4; lastKnownFileType = text.script.sh; path = c.sh; sourceTree = "<group>"; };
		6DC6783126E76CDC0005728A /* xbutton@3x.png */ = {isa = PBXFileReference; lastKnownFileType = image.png; path = "xbutton@3x.png"; sourceTree = "<group>"; };
		6DD47A9C26AE946600F4B3E4 /* MyDevilController.h */ = {isa = PBXFileReference; lastKnownFileType = sourcecode.c.h; path = MyDevilController.h; sourceTree = "<group>"; };
		6DD47A9D26AE946600F4B3E4 /* MyDevilController.m */ = {isa = PBXFileReference; lastKnownFileType = sourcecode.c.objc; path = MyDevilController.m; sourceTree = "<group>"; };
		6DDAC3B8260C89F400E76300 /* Test.swift */ = {isa = PBXFileReference; lastKnownFileType = sourcecode.swift; path = Test.swift; sourceTree = "<group>"; };
		6DE2BAEB278AC802008344DE /* MainV2Controller.h */ = {isa = PBXFileReference; lastKnownFileType = sourcecode.c.h; path = MainV2Controller.h; sourceTree = "<group>"; };
		6DE2BAEC278AC802008344DE /* MainV2Controller.m */ = {isa = PBXFileReference; lastKnownFileType = sourcecode.c.objc; path = MainV2Controller.m; sourceTree = "<group>"; };
		6DE2BAEE278B2B1F008344DE /* LearningController.h */ = {isa = PBXFileReference; lastKnownFileType = sourcecode.c.h; path = LearningController.h; sourceTree = "<group>"; };
		6DE2BAEF278B2B1F008344DE /* LearningController.m */ = {isa = PBXFileReference; lastKnownFileType = sourcecode.c.objc; path = LearningController.m; sourceTree = "<group>"; };
		6DE2BAF1278B3011008344DE /* DebugLearningView.h */ = {isa = PBXFileReference; lastKnownFileType = sourcecode.c.h; path = DebugLearningView.h; sourceTree = "<group>"; };
		6DE2BAF2278B3011008344DE /* DebugLearningView.m */ = {isa = PBXFileReference; lastKnownFileType = sourcecode.c.objc; path = DebugLearningView.m; sourceTree = "<group>"; };
		6DE2BAF4278B3CBC008344DE /* devil_learning_icon@3x.png */ = {isa = PBXFileReference; lastKnownFileType = image.png; path = "devil_learning_icon@3x.png"; sourceTree = "<group>"; };
		6DE2BAF6278B4B0F008344DE /* JevilLearning.h */ = {isa = PBXFileReference; lastKnownFileType = sourcecode.c.h; path = JevilLearning.h; sourceTree = "<group>"; };
		6DE2BAF7278B4B0F008344DE /* JevilLearning.m */ = {isa = PBXFileReference; lastKnownFileType = sourcecode.c.objc; path = JevilLearning.m; sourceTree = "<group>"; };
		6DE55C9E2AB04460004B7612 /* devilwebrtc.podspec */ = {isa = PBXFileReference; fileEncoding = 4; lastKnownFileType = text; path = devilwebrtc.podspec; sourceTree = "<group>"; };
		6DEC18822861427500B3FE88 /* README.md */ = {isa = PBXFileReference; fileEncoding = 4; lastKnownFileType = net.daringfireball.markdown; path = README.md; sourceTree = "<group>"; };
		6DF137F320D7469A00071B9F /* devil.app */ = {isa = PBXFileReference; explicitFileType = wrapper.application; includeInIndex = 0; path = devil.app; sourceTree = BUILT_PRODUCTS_DIR; };
		6DF458EB2A7D4FD600E20636 /* devilextra.podspec */ = {isa = PBXFileReference; fileEncoding = 4; lastKnownFileType = text; path = devilextra.podspec; sourceTree = "<group>"; };
		6DF458F32A7D508B00E20636 /* devilbill.podspec */ = {isa = PBXFileReference; fileEncoding = 4; lastKnownFileType = text; path = devilbill.podspec; sourceTree = "<group>"; };
		6DF50F7F2A5C75E8006160A0 /* libcapbl.a */ = {isa = PBXFileReference; lastKnownFileType = archive.ar; path = libcapbl.a; sourceTree = "<group>"; };
		6DF50F802A5C75E8006160A0 /* CapblSecureViewController.m */ = {isa = PBXFileReference; fileEncoding = 4; lastKnownFileType = sourcecode.c.objc; path = CapblSecureViewController.m; sourceTree = "<group>"; };
		6DF50F812A5C75E8006160A0 /* CapblMainViewController.xib */ = {isa = PBXFileReference; fileEncoding = 4; lastKnownFileType = file.xib; path = CapblMainViewController.xib; sourceTree = "<group>"; };
		6DF50F842A5C75E8006160A0 /* capbl.h */ = {isa = PBXFileReference; fileEncoding = 4; lastKnownFileType = sourcecode.c.h; path = capbl.h; sourceTree = "<group>"; };
		6DF50F852A5C75E8006160A0 /* SecureView.h */ = {isa = PBXFileReference; fileEncoding = 4; lastKnownFileType = sourcecode.c.h; path = SecureView.h; sourceTree = "<group>"; };
		6DF50F862A5C75E8006160A0 /* SecureWKWebView.h */ = {isa = PBXFileReference; fileEncoding = 4; lastKnownFileType = sourcecode.c.h; path = SecureWKWebView.h; sourceTree = "<group>"; };
		6DF50F872A5C75E8006160A0 /* CapblPartialController.xib */ = {isa = PBXFileReference; fileEncoding = 4; lastKnownFileType = file.xib; path = CapblPartialController.xib; sourceTree = "<group>"; };
		6DF50F882A5C75E8006160A0 /* CapblTableController.xib */ = {isa = PBXFileReference; fileEncoding = 4; lastKnownFileType = file.xib; path = CapblTableController.xib; sourceTree = "<group>"; };
		6DF50F892A5C75E8006160A0 /* CapblPartialController.h */ = {isa = PBXFileReference; fileEncoding = 4; lastKnownFileType = sourcecode.c.h; path = CapblPartialController.h; sourceTree = "<group>"; };
		6DF50F8A2A5C75E8006160A0 /* CapblWebController.m */ = {isa = PBXFileReference; fileEncoding = 4; lastKnownFileType = sourcecode.c.objc; path = CapblWebController.m; sourceTree = "<group>"; };
		6DF50F8B2A5C75E8006160A0 /* CapblMainViewController.m */ = {isa = PBXFileReference; fileEncoding = 4; lastKnownFileType = sourcecode.c.objc; path = CapblMainViewController.m; sourceTree = "<group>"; };
		6DF50F8C2A5C75E8006160A0 /* CapblTableController.m */ = {isa = PBXFileReference; fileEncoding = 4; lastKnownFileType = sourcecode.c.objc; path = CapblTableController.m; sourceTree = "<group>"; };
		6DF50F8D2A5C75E8006160A0 /* CapblWebController.xib */ = {isa = PBXFileReference; fileEncoding = 4; lastKnownFileType = file.xib; path = CapblWebController.xib; sourceTree = "<group>"; };
		6DF50F8E2A5C75E8006160A0 /* CapblSecureViewController.xib */ = {isa = PBXFileReference; fileEncoding = 4; lastKnownFileType = file.xib; path = CapblSecureViewController.xib; sourceTree = "<group>"; };
		6DF50F8F2A5C75E8006160A0 /* CapblWebController.h */ = {isa = PBXFileReference; fileEncoding = 4; lastKnownFileType = sourcecode.c.h; path = CapblWebController.h; sourceTree = "<group>"; };
		6DF50F902A5C75E8006160A0 /* CapblPartialController.m */ = {isa = PBXFileReference; fileEncoding = 4; lastKnownFileType = sourcecode.c.objc; path = CapblPartialController.m; sourceTree = "<group>"; };
		6DF50F912A5C75E8006160A0 /* CapblSecureViewController.h */ = {isa = PBXFileReference; fileEncoding = 4; lastKnownFileType = sourcecode.c.h; path = CapblSecureViewController.h; sourceTree = "<group>"; };
		6DF50F922A5C75E8006160A0 /* CapblTableController.h */ = {isa = PBXFileReference; fileEncoding = 4; lastKnownFileType = sourcecode.c.h; path = CapblTableController.h; sourceTree = "<group>"; };
		6DF50F932A5C75E8006160A0 /* CapblMainViewController.h */ = {isa = PBXFileReference; fileEncoding = 4; lastKnownFileType = sourcecode.c.h; path = CapblMainViewController.h; sourceTree = "<group>"; };
/* End PBXFileReference section */

/* Begin PBXFrameworksBuildPhase section */
		6DF137F020D7469A00071B9F /* Frameworks */ = {
			isa = PBXFrameworksBuildPhase;
			buildActionMask = 2147483647;
			files = (
				6DACD00328DD61E7002E7409 /* devilextra.framework in Frameworks */,
				6D0A69EC2AB9DB2D00140B43 /* Pods_devil.framework in Frameworks */,
				6DF50F942A5C75E8006160A0 /* libcapbl.a in Frameworks */,
				6D0A69F72AB9E10700140B43 /* WebRTC.framework in Frameworks */,
				6D0A69EE2AB9DB5700140B43 /* devilnfc.framework in Frameworks */,
				6D0A69F02AB9DB8100140B43 /* devilwebrtc.framework in Frameworks */,
				6D0A69FA2AB9E12A00140B43 /* devilbill.framework in Frameworks */,
				6D86290B287E50BA00E62B7B /* StoreKit.framework in Frameworks */,
			);
			runOnlyForDeploymentPostprocessing = 0;
		};
/* End PBXFrameworksBuildPhase section */

/* Begin PBXGroup section */
		0BCC150E47406F73DA50155A /* Frameworks */ = {
			isa = PBXGroup;
			children = (
				6D0A69F92AB9E12A00140B43 /* devilbill.framework */,
				6D0A69F52AB9E0FC00140B43 /* WebRTC.framework */,
				6D0A69A52AB5824300140B43 /* devilwebrtc.framework */,
				6D62FB0828DD7A0B0094426E /* devilnfc.framework */,
				6DACD00228DD61E7002E7409 /* devilextra.framework */,
				6D482D8C28C3CA920041A149 /* HealthKit.framework */,
				6D86290A287E50BA00E62B7B /* StoreKit.framework */,
				6D22CF6125FFB25C00A1CB25 /* devillogin.framework */,
				6D467AED256AB1B0006D57DD /* devilcore.framework */,
				2D7272D425B6C30572295CD1 /* Pods_devil.framework */,
			);
			name = Frameworks;
			sourceTree = "<group>";
		};
		6D132B89255E6E0F00004E1F /* july */ = {
			isa = PBXGroup;
			children = (
				6D132B8E255E6E0F00004E1F /* util */,
				6D132B92255E6E0F00004E1F /* CustomIOSAlertView.h */,
				6D132B98255E6E0F00004E1F /* CustomIOSAlertView.m */,
				6D132B93255E6E0F00004E1F /* DeepLink.h */,
				6D132B9A255E6E0F00004E1F /* DeepLink.m */,
				6D132B91255E6E0F00004E1F /* HttpUtil.h */,
				6D132B99255E6E0F00004E1F /* HttpUtil.mm */,
			);
			path = july;
			sourceTree = "<group>";
		};
		6D132B8E255E6E0F00004E1F /* util */ = {
			isa = PBXGroup;
			children = (
				6D132B8F255E6E0F00004E1F /* JulyUtil.h */,
				6D132B90255E6E0F00004E1F /* JulyUtil.m */,
			);
			path = util;
			sourceTree = "<group>";
		};
		6D132BC2255E76F400004E1F /* assets */ = {
			isa = PBXGroup;
			children = (
				6D132BC3255E76F400004E1F /* loading.json */,
			);
			path = assets;
			sourceTree = "<group>";
		};
		6D4678B52567B1E2006D57DD /* devil */ = {
			isa = PBXGroup;
			children = (
				6D46791A25680570006D57DD /* devil.entitlements */,
				6D4678DD2567B257006D57DD /* vc */,
				6D4678DA2567B24C006D57DD /* Assets.xcassets */,
				6D4678B82567B1E2006D57DD /* AppDelegate.h */,
				6D4678C62567B1E2006D57DD /* AppDelegate.m */,
				6D4678C32567B1E2006D57DD /* BaseController.h */,
				6D4678B62567B1E2006D57DD /* BaseController.m */,
				6D4678C72567B1E2006D57DD /* Devil.h */,
				6D4678BC2567B1E2006D57DD /* Devil.m */,
				6D4678CB2567B1E2006D57DD /* Info.plist */,
				6D4678BF2567B1E2006D57DD /* LaunchScreen.storyboard */,
				6D4678C42567B1E2006D57DD /* main.m */,
				6D4678C52567B1E2006D57DD /* MainController.h */,
				6D4678B92567B1E2006D57DD /* MainController.m */,
				6D4678BA2567B1E2006D57DD /* SubController.h */,
				6D4678C92567B1E2006D57DD /* SubController.m */,
				6D467A34256AAE12006D57DD /* Void.swift */,
				6D467A33256AAE11006D57DD /* devil-Bridging-Header.h */,
				6DDAC3B8260C89F400E76300 /* Test.swift */,
				6D52E6102619988700935D3A /* devil.plist */,
				6DAAD9DC265FF8BA00FE5682 /* DevilNaverLoginCallback.h */,
				6DAAD9DD265FF8BA00FE5682 /* DevilNaverLoginCallback.m */,
				6DE2BAF1278B3011008344DE /* DebugLearningView.h */,
				6DE2BAF2278B3011008344DE /* DebugLearningView.m */,
				6DE2BAF6278B4B0F008344DE /* JevilLearning.h */,
				6DE2BAF7278B4B0F008344DE /* JevilLearning.m */,
				6D7F7A9428D40BD100F67029 /* SceneDelegate.h */,
				6D7F7A9528D40BD100F67029 /* SceneDelegate.m */,
			);
			path = devil;
			sourceTree = "<group>";
		};
		6D4678DD2567B257006D57DD /* vc */ = {
			isa = PBXGroup;
			children = (
				6D4678DE2567D46D006D57DD /* FirstController.h */,
				6D4678DF2567D46D006D57DD /* FirstController.m */,
				6D4678E02567D46D006D57DD /* FirstController.xib */,
				6D4678C82567B1E2006D57DD /* LoginController.h */,
				6D4678BB2567B1E2006D57DD /* LoginController.m */,
				6D4679112567DD61006D57DD /* JoinController.h */,
				6D4679122567DD61006D57DD /* JoinController.m */,
				6D4679162567DDE3006D57DD /* WebController.h */,
				6D4679172567DDE3006D57DD /* WebController.m */,
				6DD47A9C26AE946600F4B3E4 /* MyDevilController.h */,
				6DD47A9D26AE946600F4B3E4 /* MyDevilController.m */,
				6DE2BAEB278AC802008344DE /* MainV2Controller.h */,
				6DE2BAEC278AC802008344DE /* MainV2Controller.m */,
				6DE2BAEE278B2B1F008344DE /* LearningController.h */,
				6DE2BAEF278B2B1F008344DE /* LearningController.m */,
			);
			path = vc;
			sourceTree = "<group>";
		};
		6D46791C25699107006D57DD /* image */ = {
			isa = PBXGroup;
			children = (
				6DE2BAF4278B3CBC008344DE /* devil_learning_icon@3x.png */,
				6DC6783126E76CDC0005728A /* xbutton@3x.png */,
				6D467B68257A2E17006D57DD /* refresh@3x.png */,
				6D46791D25699107006D57DD /* back_black@3x.png */,
			);
			path = image;
			sourceTree = "<group>";
		};
		6DF137EA20D7469A00071B9F = {
			isa = PBXGroup;
			children = (
				6DF50F7E2A5C75E8006160A0 /* capbl */,
				6DBC7CF9286AF4C90037ED1A /* Podfile.lock */,
				6DEC18822861427500B3FE88 /* README.md */,
				6DC1624926917AC900FD769C /* c.sh */,
				6D4679A9256A51B9006D57DD /* devil.podspec */,
				6D0224EF26143D8300634842 /* devilcore.podspec */,
				6D0224ED2613959900634842 /* devillogin.podspec */,
				6DACD01328DD64AA002E7409 /* devilhealth.podspec */,
				6D62FAF928DD75F00094426E /* devilnfc.podspec */,
				6DF458EB2A7D4FD600E20636 /* devilextra.podspec */,
				6DF458F32A7D508B00E20636 /* devilbill.podspec */,
				6DE55C9E2AB04460004B7612 /* devilwebrtc.podspec */,
				6D132BBA255E751C00004E1F /* GoogleService-Info.plist */,
				6D46791C25699107006D57DD /* image */,
				6D4678B52567B1E2006D57DD /* devil */,
				6D132BC2255E76F400004E1F /* assets */,
				6D132B89255E6E0F00004E1F /* july */,
				6DF137F420D7469A00071B9F /* Products */,
				0BCC150E47406F73DA50155A /* Frameworks */,
				F0CDCB8A11149BBB3516D5E1 /* Pods */,
			);
			sourceTree = "<group>";
		};
		6DF137F420D7469A00071B9F /* Products */ = {
			isa = PBXGroup;
			children = (
				6DF137F320D7469A00071B9F /* devil.app */,
			);
			name = Products;
			sourceTree = "<group>";
		};
		6DF50F7E2A5C75E8006160A0 /* capbl */ = {
			isa = PBXGroup;
			children = (
				6DF50F822A5C75E8006160A0 /* include */,
				6DF50F7F2A5C75E8006160A0 /* libcapbl.a */,
				6DF50F892A5C75E8006160A0 /* CapblPartialController.h */,
				6DF50F902A5C75E8006160A0 /* CapblPartialController.m */,
				6DF50F872A5C75E8006160A0 /* CapblPartialController.xib */,
				6DF50F912A5C75E8006160A0 /* CapblSecureViewController.h */,
				6DF50F802A5C75E8006160A0 /* CapblSecureViewController.m */,
				6DF50F8E2A5C75E8006160A0 /* CapblSecureViewController.xib */,
				6DF50F922A5C75E8006160A0 /* CapblTableController.h */,
				6DF50F8C2A5C75E8006160A0 /* CapblTableController.m */,
				6DF50F882A5C75E8006160A0 /* CapblTableController.xib */,
				6DF50F932A5C75E8006160A0 /* CapblMainViewController.h */,
				6DF50F8B2A5C75E8006160A0 /* CapblMainViewController.m */,
				6DF50F812A5C75E8006160A0 /* CapblMainViewController.xib */,
				6DF50F8F2A5C75E8006160A0 /* CapblWebController.h */,
				6DF50F8A2A5C75E8006160A0 /* CapblWebController.m */,
				6DF50F8D2A5C75E8006160A0 /* CapblWebController.xib */,
			);
			path = capbl;
			sourceTree = "<group>";
		};
		6DF50F822A5C75E8006160A0 /* include */ = {
			isa = PBXGroup;
			children = (
				6DF50F832A5C75E8006160A0 /* capbl */,
			);
			path = include;
			sourceTree = "<group>";
		};
		6DF50F832A5C75E8006160A0 /* capbl */ = {
			isa = PBXGroup;
			children = (
				6DF50F842A5C75E8006160A0 /* capbl.h */,
				6DF50F852A5C75E8006160A0 /* SecureView.h */,
				6DF50F862A5C75E8006160A0 /* SecureWKWebView.h */,
			);
			path = capbl;
			sourceTree = "<group>";
		};
		F0CDCB8A11149BBB3516D5E1 /* Pods */ = {
			isa = PBXGroup;
			children = (
				2C62D2C300C12F33B6DD4A1C /* Pods-devil.debug.xcconfig */,
				56A327FF4E9BB40D9C0A5C96 /* Pods-devil.release.xcconfig */,
			);
			path = Pods;
			sourceTree = "<group>";
		};
/* End PBXGroup section */

/* Begin PBXNativeTarget section */
		6DF137F220D7469A00071B9F /* devil */ = {
			isa = PBXNativeTarget;
			buildConfigurationList = 6DF1380D20D7469B00071B9F /* Build configuration list for PBXNativeTarget "devil" */;
			buildPhases = (
				EB062D4AC26E8B7E9C042070 /* [CP] Check Pods Manifest.lock */,
				6DF137EF20D7469A00071B9F /* Sources */,
				6DF137F020D7469A00071B9F /* Frameworks */,
				6DF137F120D7469A00071B9F /* Resources */,
				6D467998256A174F006D57DD /* Embed Frameworks */,
				6DC676ED26E5B36C0005728A /* ShellScript */,
				445ABB5B85F0CE89FE83E4E8 /* [CP] Embed Pods Frameworks */,
				B17B2FBCEB028E1D7A5ACDF8 /* [CP] Copy Pods Resources */,
			);
			buildRules = (
			);
			dependencies = (
			);
			name = devil;
			productName = CloudJsonViewer;
			productReference = 6DF137F320D7469A00071B9F /* devil.app */;
			productType = "com.apple.product-type.application";
		};
/* End PBXNativeTarget section */

/* Begin PBXProject section */
		6DF137EB20D7469A00071B9F /* Project object */ = {
			isa = PBXProject;
			attributes = {
				LastUpgradeCheck = 0830;
				ORGANIZATIONNAME = "Mu Young Ko";
				TargetAttributes = {
					6DF137F220D7469A00071B9F = {
						CreatedOnToolsVersion = 8.3.3;
						DevelopmentTeam = 3675B8UJSV;
						LastSwiftMigration = 1210;
						ProvisioningStyle = Automatic;
					};
				};
			};
			buildConfigurationList = 6DF137EE20D7469A00071B9F /* Build configuration list for PBXProject "devil" */;
			compatibilityVersion = "Xcode 3.2";
			developmentRegion = English;
			hasScannedForEncodings = 0;
			knownRegions = (
				English,
				en,
				Base,
			);
			mainGroup = 6DF137EA20D7469A00071B9F;
			productRefGroup = 6DF137F420D7469A00071B9F /* Products */;
			projectDirPath = "";
			projectRoot = "";
			targets = (
				6DF137F220D7469A00071B9F /* devil */,
			);
		};
/* End PBXProject section */

/* Begin PBXResourcesBuildPhase section */
		6DF137F120D7469A00071B9F /* Resources */ = {
			isa = PBXResourcesBuildPhase;
			buildActionMask = 2147483647;
			files = (
				6DC6783226E76CDC0005728A /* xbutton@3x.png in Resources */,
				6DACD01428DD64AA002E7409 /* devilhealth.podspec in Resources */,
				6D4678E22567D46D006D57DD /* FirstController.xib in Resources */,
				6D132BBB255E751C00004E1F /* GoogleService-Info.plist in Resources */,
				6D46791E25699108006D57DD /* back_black@3x.png in Resources */,
				6DEC18832861427500B3FE88 /* README.md in Resources */,
				6D132BC5255E76F400004E1F /* loading.json in Resources */,
				6DF50F9D2A5C75E8006160A0 /* CapblSecureViewController.xib in Resources */,
				6D4678D22567B1E2006D57DD /* LaunchScreen.storyboard in Resources */,
				6DC1624A26917AC900FD769C /* c.sh in Resources */,
				6DF458F42A7D508B00E20636 /* devilbill.podspec in Resources */,
				6DF458EC2A7D4FD600E20636 /* devilextra.podspec in Resources */,
				6DBC7CFA286AF4C90037ED1A /* Podfile.lock in Resources */,
				6DF50F962A5C75E8006160A0 /* CapblMainViewController.xib in Resources */,
				6D467B69257A2E18006D57DD /* refresh@3x.png in Resources */,
				6D4679AA256A51B9006D57DD /* devil.podspec in Resources */,
				6D0224EE2613959900634842 /* devillogin.podspec in Resources */,
				6DF50F982A5C75E8006160A0 /* CapblTableController.xib in Resources */,
				6DE2BAF5278B3CBC008344DE /* devil_learning_icon@3x.png in Resources */,
				6D4678DB2567B24C006D57DD /* Assets.xcassets in Resources */,
				6D52E6112619988700935D3A /* devil.plist in Resources */,
				6D62FAFA28DD75F00094426E /* devilnfc.podspec in Resources */,
				6DF50F9C2A5C75E8006160A0 /* CapblWebController.xib in Resources */,
				6DF50F972A5C75E8006160A0 /* CapblPartialController.xib in Resources */,
				6D0224F026143D8300634842 /* devilcore.podspec in Resources */,
				6DE55C9F2AB04460004B7612 /* devilwebrtc.podspec in Resources */,
			);
			runOnlyForDeploymentPostprocessing = 0;
		};
/* End PBXResourcesBuildPhase section */

/* Begin PBXShellScriptBuildPhase section */
		445ABB5B85F0CE89FE83E4E8 /* [CP] Embed Pods Frameworks */ = {
			isa = PBXShellScriptBuildPhase;
			buildActionMask = 2147483647;
			files = (
			);
			inputPaths = (
				"${PODS_ROOT}/Target Support Files/Pods-devil/Pods-devil-frameworks.sh",
				"${PODS_XCFRAMEWORKS_BUILD_DIR}/naveridlogin-sdk-ios/NaverThirdPartyLogin.framework/NaverThirdPartyLogin",
			);
			name = "[CP] Embed Pods Frameworks";
			outputPaths = (
				"${TARGET_BUILD_DIR}/${FRAMEWORKS_FOLDER_PATH}/NaverThirdPartyLogin.framework",
			);
			runOnlyForDeploymentPostprocessing = 0;
			shellPath = /bin/sh;
			shellScript = "\"${PODS_ROOT}/Target Support Files/Pods-devil/Pods-devil-frameworks.sh\"\n";
			showEnvVarsInLog = 0;
		};
		6DC676ED26E5B36C0005728A /* ShellScript */ = {
			isa = PBXShellScriptBuildPhase;
			buildActionMask = 2147483647;
			files = (
			);
			inputFileListPaths = (
			);
			inputPaths = (
				"${DWARF_DSYM_FOLDER_PATH}/${DWARF_DSYM_FILE_NAME}/Contents/Resources/DWARF/${TARGET_NAME}",
				"$(SRCROOT)/$(BUILT_PRODUCTS_DIR)/$(INFOPLIST_PATH)",
			);
			outputFileListPaths = (
			);
			outputPaths = (
			);
			runOnlyForDeploymentPostprocessing = 0;
			shellPath = /bin/sh;
			shellScript = "# Type a script or drag a script file from your workspace to insert its path.\n\"${PODS_ROOT}/FirebaseCrashlytics/run\"\n\n";
		};
		B17B2FBCEB028E1D7A5ACDF8 /* [CP] Copy Pods Resources */ = {
			isa = PBXShellScriptBuildPhase;
			buildActionMask = 2147483647;
			files = (
			);
			inputPaths = (
				"${PODS_ROOT}/Target Support Files/Pods-devil/Pods-devil-resources.sh",
				"${PODS_CONFIGURATION_BUILD_DIR}/GoogleSignIn/GoogleSignIn.bundle",
			);
			name = "[CP] Copy Pods Resources";
			outputPaths = (
				"${TARGET_BUILD_DIR}/${UNLOCALIZED_RESOURCES_FOLDER_PATH}/GoogleSignIn.bundle",
			);
			runOnlyForDeploymentPostprocessing = 0;
			shellPath = /bin/sh;
			shellScript = "\"${PODS_ROOT}/Target Support Files/Pods-devil/Pods-devil-resources.sh\"\n";
			showEnvVarsInLog = 0;
		};
		EB062D4AC26E8B7E9C042070 /* [CP] Check Pods Manifest.lock */ = {
			isa = PBXShellScriptBuildPhase;
			buildActionMask = 2147483647;
			files = (
			);
			inputFileListPaths = (
			);
			inputPaths = (
				"${PODS_PODFILE_DIR_PATH}/Podfile.lock",
				"${PODS_ROOT}/Manifest.lock",
			);
			name = "[CP] Check Pods Manifest.lock";
			outputFileListPaths = (
			);
			outputPaths = (
				"$(DERIVED_FILE_DIR)/Pods-devil-checkManifestLockResult.txt",
			);
			runOnlyForDeploymentPostprocessing = 0;
			shellPath = /bin/sh;
			shellScript = "diff \"${PODS_PODFILE_DIR_PATH}/Podfile.lock\" \"${PODS_ROOT}/Manifest.lock\" > /dev/null\nif [ $? != 0 ] ; then\n    # print error to STDERR\n    echo \"error: The sandbox is not in sync with the Podfile.lock. Run 'pod install' or update your CocoaPods installation.\" >&2\n    exit 1\nfi\n# This output is used by Xcode 'outputs' to avoid re-running this script phase.\necho \"SUCCESS\" > \"${SCRIPT_OUTPUT_FILE_0}\"\n";
			showEnvVarsInLog = 0;
		};
/* End PBXShellScriptBuildPhase section */

/* Begin PBXSourcesBuildPhase section */
		6DF137EF20D7469A00071B9F /* Sources */ = {
			isa = PBXSourcesBuildPhase;
			buildActionMask = 2147483647;
			files = (
				6DE2BAF3278B3011008344DE /* DebugLearningView.m in Sources */,
				6D4679132567DD61006D57DD /* JoinController.m in Sources */,
				6D4678CF2567B1E2006D57DD /* Devil.m in Sources */,
				6D4679182567DDE3006D57DD /* WebController.m in Sources */,
				6DE2BAF8278B4B0F008344DE /* JevilLearning.m in Sources */,
				6D467A35256AAE12006D57DD /* Void.swift in Sources */,
				6DD47A9E26AE946600F4B3E4 /* MyDevilController.m in Sources */,
				6DDAC3B9260C89F400E76300 /* Test.swift in Sources */,
				6DF50F9B2A5C75E8006160A0 /* CapblTableController.m in Sources */,
				6DE2BAF0278B2B1F008344DE /* LearningController.m in Sources */,
				6DF50F9A2A5C75E8006160A0 /* CapblMainViewController.m in Sources */,
				6D132B9C255E6E0F00004E1F /* JulyUtil.m in Sources */,
				6D4678D62567B1E2006D57DD /* SubController.m in Sources */,
				6D4678D52567B1E2006D57DD /* AppDelegate.m in Sources */,
				6DF50F992A5C75E8006160A0 /* CapblWebController.m in Sources */,
				6DF50F9E2A5C75E8006160A0 /* CapblPartialController.m in Sources */,
				6D4678CC2567B1E2006D57DD /* BaseController.m in Sources */,
				6D4678D42567B1E2006D57DD /* main.m in Sources */,
				6DF50F952A5C75E8006160A0 /* CapblSecureViewController.m in Sources */,
				6D132BA1255E6E0F00004E1F /* DeepLink.m in Sources */,
				6D4678CD2567B1E2006D57DD /* MainController.m in Sources */,
				6DE2BAED278AC802008344DE /* MainV2Controller.m in Sources */,
				6D132BA0255E6E0F00004E1F /* HttpUtil.mm in Sources */,
				6D7F7A9628D40BD100F67029 /* SceneDelegate.m in Sources */,
				6DAAD9DE265FF8BA00FE5682 /* DevilNaverLoginCallback.m in Sources */,
				6D4678E12567D46D006D57DD /* FirstController.m in Sources */,
				6D4678CE2567B1E2006D57DD /* LoginController.m in Sources */,
				6D132B9F255E6E0F00004E1F /* CustomIOSAlertView.m in Sources */,
			);
			runOnlyForDeploymentPostprocessing = 0;
		};
/* End PBXSourcesBuildPhase section */

/* Begin PBXVariantGroup section */
		6D4678BF2567B1E2006D57DD /* LaunchScreen.storyboard */ = {
			isa = PBXVariantGroup;
			children = (
				6D4678C02567B1E2006D57DD /* Base */,
			);
			name = LaunchScreen.storyboard;
			sourceTree = "<group>";
		};
/* End PBXVariantGroup section */

/* Begin XCBuildConfiguration section */
		6DF1380B20D7469B00071B9F /* Debug */ = {
			isa = XCBuildConfiguration;
			buildSettings = {
				ALWAYS_SEARCH_USER_PATHS = NO;
				CLANG_ANALYZER_NONNULL = YES;
				CLANG_ANALYZER_NUMBER_OBJECT_CONVERSION = YES_AGGRESSIVE;
				CLANG_CXX_LANGUAGE_STANDARD = "gnu++0x";
				CLANG_CXX_LIBRARY = "libc++";
				CLANG_ENABLE_MODULES = YES;
				CLANG_ENABLE_OBJC_ARC = YES;
				CLANG_WARN_BOOL_CONVERSION = YES;
				CLANG_WARN_CONSTANT_CONVERSION = YES;
				CLANG_WARN_DIRECT_OBJC_ISA_USAGE = YES_ERROR;
				CLANG_WARN_DOCUMENTATION_COMMENTS = YES;
				CLANG_WARN_EMPTY_BODY = YES;
				CLANG_WARN_ENUM_CONVERSION = YES;
				CLANG_WARN_INFINITE_RECURSION = YES;
				CLANG_WARN_INT_CONVERSION = YES;
				CLANG_WARN_OBJC_ROOT_CLASS = YES_ERROR;
				CLANG_WARN_SUSPICIOUS_MOVE = YES;
				CLANG_WARN_UNREACHABLE_CODE = YES;
				CLANG_WARN__DUPLICATE_METHOD_MATCH = YES;
				"CODE_SIGN_IDENTITY[sdk=iphoneos*]" = "iPhone Developer";
				COPY_PHASE_STRIP = NO;
				DEBUG_INFORMATION_FORMAT = dwarf;
				ENABLE_STRICT_OBJC_MSGSEND = YES;
				ENABLE_TESTABILITY = YES;
				EXCLUDED_ARCHS = "";
				GCC_C_LANGUAGE_STANDARD = gnu99;
				GCC_DYNAMIC_NO_PIC = NO;
				GCC_NO_COMMON_BLOCKS = YES;
				GCC_OPTIMIZATION_LEVEL = 0;
				GCC_PREPROCESSOR_DEFINITIONS = (
					"DEBUG=1",
					"$(inherited)",
				);
				GCC_WARN_64_TO_32_BIT_CONVERSION = YES;
				GCC_WARN_ABOUT_RETURN_TYPE = YES_ERROR;
				GCC_WARN_UNDECLARED_SELECTOR = YES;
				GCC_WARN_UNINITIALIZED_AUTOS = YES_AGGRESSIVE;
				GCC_WARN_UNUSED_FUNCTION = YES;
				GCC_WARN_UNUSED_VARIABLE = YES;
				IPHONEOS_DEPLOYMENT_TARGET = I;
				LD_RUNPATH_SEARCH_PATHS = "";
				MTL_ENABLE_DEBUG_INFO = YES;
				ONLY_ACTIVE_ARCH = YES;
				SDKROOT = iphoneos;
				TARGETED_DEVICE_FAMILY = "1,2";
			};
			name = Debug;
		};
		6DF1380C20D7469B00071B9F /* Release */ = {
			isa = XCBuildConfiguration;
			buildSettings = {
				ALWAYS_SEARCH_USER_PATHS = NO;
				CLANG_ANALYZER_NONNULL = YES;
				CLANG_ANALYZER_NUMBER_OBJECT_CONVERSION = YES_AGGRESSIVE;
				CLANG_CXX_LANGUAGE_STANDARD = "gnu++0x";
				CLANG_CXX_LIBRARY = "libc++";
				CLANG_ENABLE_MODULES = YES;
				CLANG_ENABLE_OBJC_ARC = YES;
				CLANG_WARN_BOOL_CONVERSION = YES;
				CLANG_WARN_CONSTANT_CONVERSION = YES;
				CLANG_WARN_DIRECT_OBJC_ISA_USAGE = YES_ERROR;
				CLANG_WARN_DOCUMENTATION_COMMENTS = YES;
				CLANG_WARN_EMPTY_BODY = YES;
				CLANG_WARN_ENUM_CONVERSION = YES;
				CLANG_WARN_INFINITE_RECURSION = YES;
				CLANG_WARN_INT_CONVERSION = YES;
				CLANG_WARN_OBJC_ROOT_CLASS = YES_ERROR;
				CLANG_WARN_SUSPICIOUS_MOVE = YES;
				CLANG_WARN_UNREACHABLE_CODE = YES;
				CLANG_WARN__DUPLICATE_METHOD_MATCH = YES;
				"CODE_SIGN_IDENTITY[sdk=iphoneos*]" = "iPhone Developer";
				COPY_PHASE_STRIP = NO;
				DEBUG_INFORMATION_FORMAT = "dwarf-with-dsym";
				ENABLE_NS_ASSERTIONS = NO;
				ENABLE_STRICT_OBJC_MSGSEND = YES;
				GCC_C_LANGUAGE_STANDARD = gnu99;
				GCC_NO_COMMON_BLOCKS = YES;
				GCC_WARN_64_TO_32_BIT_CONVERSION = YES;
				GCC_WARN_ABOUT_RETURN_TYPE = YES_ERROR;
				GCC_WARN_UNDECLARED_SELECTOR = YES;
				GCC_WARN_UNINITIALIZED_AUTOS = YES_AGGRESSIVE;
				GCC_WARN_UNUSED_FUNCTION = YES;
				GCC_WARN_UNUSED_VARIABLE = YES;
				IPHONEOS_DEPLOYMENT_TARGET = I;
				LD_RUNPATH_SEARCH_PATHS = "";
				MTL_ENABLE_DEBUG_INFO = NO;
				SDKROOT = iphoneos;
				TARGETED_DEVICE_FAMILY = "1,2";
				VALIDATE_PRODUCT = YES;
			};
			name = Release;
		};
		6DF1380E20D7469B00071B9F /* Debug */ = {
			isa = XCBuildConfiguration;
			baseConfigurationReference = 2C62D2C300C12F33B6DD4A1C /* Pods-devil.debug.xcconfig */;
			buildSettings = {
				ASSETCATALOG_COMPILER_APPICON_NAME = AppIcon;
				CLANG_ENABLE_MODULES = YES;
				CODE_SIGN_ENTITLEMENTS = devil/devil.entitlements;
				CODE_SIGN_IDENTITY = "Apple Development";
				CODE_SIGN_STYLE = Automatic;
				CURRENT_PROJECT_VERSION = 260;
				DEBUG_INFORMATION_FORMAT = "dwarf-with-dsym";
				DEVELOPMENT_TEAM = 3675B8UJSV;
				EXCLUDED_ARCHS = "";
				FRAMEWORK_SEARCH_PATHS = (
					"$(inherited)",
					"$(PROJECT_DIR)/frameworks",
					"$(PROJECT_DIR)",
					"$(PROJECT_DIR)/Pods/GoogleWebRTC/Frameworks/frameworks",
				);
				INFOPLIST_FILE = "$(SRCROOT)/devil/Info.plist";
				INFOPLIST_KEY_CFBundleDisplayName = "Devil App Buildler";
				INFOPLIST_KEY_LSApplicationCategoryType = "public.app-category.developer-tools";
				IPHONEOS_DEPLOYMENT_TARGET = 13.0;
				LD_RUNPATH_SEARCH_PATHS = "$(inherited) @executable_path/Frameworks";
				LIBRARY_SEARCH_PATHS = (
					"$(inherited)",
					"$(SDKROOT)/usr/lib/swift",
					"$(PROJECT_DIR)/naver/thirdPartyModule",
					"$(PROJECT_DIR)/capbl",
				);
				MARKETING_VERSION = 0.0.260;
				PRODUCT_BUNDLE_IDENTIFIER = kr.co.july.CloudJsonViewer;
				PRODUCT_NAME = "$(TARGET_NAME)";
				PROVISIONING_PROFILE_SPECIFIER = "";
				SKIP_INSTALL = NO;
				SUPPORTED_PLATFORMS = "iphoneos iphonesimulator";
				SUPPORTS_MACCATALYST = NO;
				SUPPORTS_MAC_DESIGNED_FOR_IPHONE_IPAD = NO;
				SWIFT_COMPILATION_MODE = singlefile;
				SWIFT_OBJC_BRIDGING_HEADER = "devil/devil-Bridging-Header.h";
				SWIFT_OPTIMIZATION_LEVEL = "-Onone";
				SWIFT_VERSION = 5.0;
				TARGETED_DEVICE_FAMILY = "1,2";
			};
			name = Debug;
		};
		6DF1380F20D7469B00071B9F /* Release */ = {
			isa = XCBuildConfiguration;
			baseConfigurationReference = 56A327FF4E9BB40D9C0A5C96 /* Pods-devil.release.xcconfig */;
			buildSettings = {
				ASSETCATALOG_COMPILER_APPICON_NAME = AppIcon;
				CLANG_ENABLE_MODULES = YES;
				CODE_SIGN_ENTITLEMENTS = devil/devil.entitlements;
				CODE_SIGN_IDENTITY = "iPhone Distribution: Mondayless Inc. (3675B8UJSV)";
				"CODE_SIGN_IDENTITY[sdk=iphoneos*]" = "iPhone Distribution: Mondayless Inc. (3675B8UJSV)";
				CODE_SIGN_STYLE = Manual;
				CURRENT_PROJECT_VERSION = 260;
				DEVELOPMENT_TEAM = 3675B8UJSV;
				"DEVELOPMENT_TEAM[sdk=iphoneos*]" = 3675B8UJSV;
				EXCLUDED_ARCHS = "";
				FRAMEWORK_SEARCH_PATHS = (
					"$(inherited)",
					"$(PROJECT_DIR)/frameworks",
					"$(PROJECT_DIR)/Pods/GoogleWebRTC/Frameworks/frameworks",
				);
				INFOPLIST_FILE = "$(SRCROOT)/devil/Info.plist";
				INFOPLIST_KEY_CFBundleDisplayName = "Devil App Buildler";
				INFOPLIST_KEY_LSApplicationCategoryType = "public.app-category.developer-tools";
				IPHONEOS_DEPLOYMENT_TARGET = 13.0;
				LD_RUNPATH_SEARCH_PATHS = "$(inherited) @executable_path/Frameworks";
				LIBRARY_SEARCH_PATHS = (
					"$(inherited)",
					"$(SDKROOT)/usr/lib/swift",
					"$(PROJECT_DIR)/naver/thirdPartyModule",
					"$(PROJECT_DIR)/capbl",
				);
				MARKETING_VERSION = 0.0.260;
				ONLY_ACTIVE_ARCH = YES;
				PRODUCT_BUNDLE_IDENTIFIER = kr.co.july.CloudJsonViewer;
				PRODUCT_NAME = "$(TARGET_NAME)";
				PROVISIONING_PROFILE_SPECIFIER = "devil distribution";
				"PROVISIONING_PROFILE_SPECIFIER[sdk=iphoneos*]" = "devil distribution";
				SKIP_INSTALL = NO;
				SUPPORTED_PLATFORMS = "iphoneos iphonesimulator";
				SUPPORTS_MACCATALYST = NO;
				SUPPORTS_MAC_DESIGNED_FOR_IPHONE_IPAD = NO;
				SWIFT_COMPILATION_MODE = singlefile;
				SWIFT_OBJC_BRIDGING_HEADER = "devil/devil-Bridging-Header.h";
				SWIFT_VERSION = 5.0;
				TARGETED_DEVICE_FAMILY = "1,2";
			};
			name = Release;
		};
/* End XCBuildConfiguration section */

/* Begin XCConfigurationList section */
		6DF137EE20D7469A00071B9F /* Build configuration list for PBXProject "devil" */ = {
			isa = XCConfigurationList;
			buildConfigurations = (
				6DF1380B20D7469B00071B9F /* Debug */,
				6DF1380C20D7469B00071B9F /* Release */,
			);
			defaultConfigurationIsVisible = 0;
			defaultConfigurationName = Release;
		};
		6DF1380D20D7469B00071B9F /* Build configuration list for PBXNativeTarget "devil" */ = {
			isa = XCConfigurationList;
			buildConfigurations = (
				6DF1380E20D7469B00071B9F /* Debug */,
				6DF1380F20D7469B00071B9F /* Release */,
			);
			defaultConfigurationIsVisible = 0;
			defaultConfigurationName = Release;
		};
/* End XCConfigurationList section */
	};
	rootObject = 6DF137EB20D7469A00071B9F /* Project object */;
}
