// !$*UTF8*$!
{
	archiveVersion = 1;
	classes = {
	};
	objectVersion = 55;
	objects = {

/* Begin PBXBuildFile section */
		4460E377B4670D2C8118DBB3 /* Pods_devilnfc.framework in Frameworks */ = {isa = PBXBuildFile; fileRef = 3F958F5FD528CD437DA947E6 /* Pods_devilnfc.framework */; };
		6D62FAF328DD755C0094426E /* devilnfc.h in Headers */ = {isa = PBXBuildFile; fileRef = 6D62FAF228DD755C0094426E /* devilnfc.h */; settings = {ATTRIBUTES = (Public, ); }; };
		6D62FAFD28DD772E0094426E /* devilcore.framework in Frameworks */ = {isa = PBXBuildFile; fileRef = 6D62FAFC28DD772E0094426E /* devilcore.framework */; };
		6D62FB0228DD794C0094426E /* JevilNfc.h in Headers */ = {isa = PBXBuildFile; fileRef = 6D62FB0028DD794C0094426E /* JevilNfc.h */; settings = {ATTRIBUTES = (Public, ); }; };
		6D62FB0328DD794C0094426E /* JevilNfc.m in Sources */ = {isa = PBXBuildFile; fileRef = 6D62FB0128DD794C0094426E /* JevilNfc.m */; };
		6D62FB0628DD79A10094426E /* DevilNfcInstance.h in Headers */ = {isa = PBXBuildFile; fileRef = 6D62FB0428DD79A10094426E /* DevilNfcInstance.h */; settings = {ATTRIBUTES = (Public, ); }; };
		6D62FB0728DD79A10094426E /* DevilNfcInstance.m in Sources */ = {isa = PBXBuildFile; fileRef = 6D62FB0528DD79A10094426E /* DevilNfcInstance.m */; };
/* End PBXBuildFile section */

/* Begin PBXFileReference section */
		3F958F5FD528CD437DA947E6 /* Pods_devilnfc.framework */ = {isa = PBXFileReference; explicitFileType = wrapper.framework; includeInIndex = 0; path = Pods_devilnfc.framework; sourceTree = BUILT_PRODUCTS_DIR; };
		62303FEC0CFB4C5277065B53 /* Pods-devilnfc.debug.xcconfig */ = {isa = PBXFileReference; includeInIndex = 1; lastKnownFileType = text.xcconfig; name = "Pods-devilnfc.debug.xcconfig"; path = "Target Support Files/Pods-devilnfc/Pods-devilnfc.debug.xcconfig"; sourceTree = "<group>"; };
		6D62FAEF28DD755C0094426E /* devilnfc.framework */ = {isa = PBXFileReference; explicitFileType = wrapper.framework; includeInIndex = 0; path = devilnfc.framework; sourceTree = BUILT_PRODUCTS_DIR; };
		6D62FAF228DD755C0094426E /* devilnfc.h */ = {isa = PBXFileReference; lastKnownFileType = sourcecode.c.h; path = devilnfc.h; sourceTree = "<group>"; };
		6D62FAFC28DD772E0094426E /* devilcore.framework */ = {isa = PBXFileReference; explicitFileType = wrapper.framework; path = devilcore.framework; sourceTree = BUILT_PRODUCTS_DIR; };
		6D62FB0028DD794C0094426E /* JevilNfc.h */ = {isa = PBXFileReference; lastKnownFileType = sourcecode.c.h; path = JevilNfc.h; sourceTree = "<group>"; };
		6D62FB0128DD794C0094426E /* JevilNfc.m */ = {isa = PBXFileReference; lastKnownFileType = sourcecode.c.objc; path = JevilNfc.m; sourceTree = "<group>"; };
		6D62FB0428DD79A10094426E /* DevilNfcInstance.h */ = {isa = PBXFileReference; fileEncoding = 4; lastKnownFileType = sourcecode.c.h; path = DevilNfcInstance.h; sourceTree = "<group>"; };
		6D62FB0528DD79A10094426E /* DevilNfcInstance.m */ = {isa = PBXFileReference; fileEncoding = 4; lastKnownFileType = sourcecode.c.objc; path = DevilNfcInstance.m; sourceTree = "<group>"; };
		CA6F70E166B71333C6511FBD /* Pods-devilnfc.release.xcconfig */ = {isa = PBXFileReference; includeInIndex = 1; lastKnownFileType = text.xcconfig; name = "Pods-devilnfc.release.xcconfig"; path = "Target Support Files/Pods-devilnfc/Pods-devilnfc.release.xcconfig"; sourceTree = "<group>"; };
/* End PBXFileReference section */

/* Begin PBXFrameworksBuildPhase section */
		6D62FAEC28DD755C0094426E /* Frameworks */ = {
			isa = PBXFrameworksBuildPhase;
			buildActionMask = 2147483647;
			files = (
				6D62FAFD28DD772E0094426E /* devilcore.framework in Frameworks */,
				4460E377B4670D2C8118DBB3 /* Pods_devilnfc.framework in Frameworks */,
			);
			runOnlyForDeploymentPostprocessing = 0;
		};
/* End PBXFrameworksBuildPhase section */

/* Begin PBXGroup section */
		6D62FAE528DD755C0094426E = {
			isa = PBXGroup;
			children = (
				6D62FAF128DD755C0094426E /* devilnfc */,
				6D62FAF028DD755C0094426E /* Products */,
				B46F1CF079FAFD1D0EF2225C /* Pods */,
				D887310E6710BA8960A0B31B /* Frameworks */,
			);
			sourceTree = "<group>";
		};
		6D62FAF028DD755C0094426E /* Products */ = {
			isa = PBXGroup;
			children = (
				6D62FAEF28DD755C0094426E /* devilnfc.framework */,
			);
			name = Products;
			sourceTree = "<group>";
		};
		6D62FAF128DD755C0094426E /* devilnfc */ = {
			isa = PBXGroup;
			children = (
				6D62FAFB28DD76D90094426E /* source */,
				6D62FAF228DD755C0094426E /* devilnfc.h */,
			);
			path = devilnfc;
			sourceTree = "<group>";
		};
		6D62FAFB28DD76D90094426E /* source */ = {
			isa = PBXGroup;
			children = (
				6D62FB0428DD79A10094426E /* DevilNfcInstance.h */,
				6D62FB0528DD79A10094426E /* DevilNfcInstance.m */,
				6D62FB0028DD794C0094426E /* JevilNfc.h */,
				6D62FB0128DD794C0094426E /* JevilNfc.m */,
			);
			path = source;
			sourceTree = "<group>";
		};
		B46F1CF079FAFD1D0EF2225C /* Pods */ = {
			isa = PBXGroup;
			children = (
				62303FEC0CFB4C5277065B53 /* Pods-devilnfc.debug.xcconfig */,
				CA6F70E166B71333C6511FBD /* Pods-devilnfc.release.xcconfig */,
			);
			name = Pods;
			path = ../Pods;
			sourceTree = "<group>";
		};
		D887310E6710BA8960A0B31B /* Frameworks */ = {
			isa = PBXGroup;
			children = (
				6D62FAFC28DD772E0094426E /* devilcore.framework */,
				3F958F5FD528CD437DA947E6 /* Pods_devilnfc.framework */,
			);
			name = Frameworks;
			sourceTree = "<group>";
		};
/* End PBXGroup section */

/* Begin PBXHeadersBuildPhase section */
		6D62FAEA28DD755C0094426E /* Headers */ = {
			isa = PBXHeadersBuildPhase;
			buildActionMask = 2147483647;
			files = (
				6D62FAF328DD755C0094426E /* devilnfc.h in Headers */,
				6D62FB0628DD79A10094426E /* DevilNfcInstance.h in Headers */,
				6D62FB0228DD794C0094426E /* JevilNfc.h in Headers */,
			);
			runOnlyForDeploymentPostprocessing = 0;
		};
/* End PBXHeadersBuildPhase section */

/* Begin PBXNativeTarget section */
		6D62FAEE28DD755C0094426E /* devilnfc */ = {
			isa = PBXNativeTarget;
			buildConfigurationList = 6D62FAF628DD755C0094426E /* Build configuration list for PBXNativeTarget "devilnfc" */;
			buildPhases = (
				A305F2D16AF0099E04B903AC /* [CP] Check Pods Manifest.lock */,
				6D62FAEA28DD755C0094426E /* Headers */,
				6D62FAEB28DD755C0094426E /* Sources */,
				6D62FAEC28DD755C0094426E /* Frameworks */,
				6D62FAED28DD755C0094426E /* Resources */,
			);
			buildRules = (
			);
			dependencies = (
			);
			name = devilnfc;
			productName = devilnfc;
			productReference = 6D62FAEF28DD755C0094426E /* devilnfc.framework */;
			productType = "com.apple.product-type.framework";
		};
/* End PBXNativeTarget section */

/* Begin PBXProject section */
		6D62FAE628DD755C0094426E /* Project object */ = {
			isa = PBXProject;
			attributes = {
				BuildIndependentTargetsInParallel = 1;
				LastUpgradeCheck = 1340;
				TargetAttributes = {
					6D62FAEE28DD755C0094426E = {
						CreatedOnToolsVersion = 13.4.1;
					};
				};
			};
			buildConfigurationList = 6D62FAE928DD755C0094426E /* Build configuration list for PBXProject "devilnfc" */;
			compatibilityVersion = "Xcode 13.0";
			developmentRegion = en;
			hasScannedForEncodings = 0;
			knownRegions = (
				en,
				Base,
			);
			mainGroup = 6D62FAE528DD755C0094426E;
			productRefGroup = 6D62FAF028DD755C0094426E /* Products */;
			projectDirPath = "";
			projectRoot = "";
			targets = (
				6D62FAEE28DD755C0094426E /* devilnfc */,
			);
		};
/* End PBXProject section */

/* Begin PBXResourcesBuildPhase section */
		6D62FAED28DD755C0094426E /* Resources */ = {
			isa = PBXResourcesBuildPhase;
			buildActionMask = 2147483647;
			files = (
			);
			runOnlyForDeploymentPostprocessing = 0;
		};
/* End PBXResourcesBuildPhase section */

/* Begin PBXShellScriptBuildPhase section */
		A305F2D16AF0099E04B903AC /* [CP] Check Pods Manifest.lock */ = {
			isa = PBXShellScriptBuildPhase;
			buildActionMask = 2147483647;
			files = (
			);
			inputFileListPaths = (
			);
			inputPaths = (
				"${PODS_PODFILE_DIR_PATH}/Podfile.lock",
				"${PODS_ROOT}/Manifest.lock",
			);
			name = "[CP] Check Pods Manifest.lock";
			outputFileListPaths = (
			);
			outputPaths = (
				"$(DERIVED_FILE_DIR)/Pods-devilnfc-checkManifestLockResult.txt",
			);
			runOnlyForDeploymentPostprocessing = 0;
			shellPath = /bin/sh;
			shellScript = "diff \"${PODS_PODFILE_DIR_PATH}/Podfile.lock\" \"${PODS_ROOT}/Manifest.lock\" > /dev/null\nif [ $? != 0 ] ; then\n    # print error to STDERR\n    echo \"error: The sandbox is not in sync with the Podfile.lock. Run 'pod install' or update your CocoaPods installation.\" >&2\n    exit 1\nfi\n# This output is used by Xcode 'outputs' to avoid re-running this script phase.\necho \"SUCCESS\" > \"${SCRIPT_OUTPUT_FILE_0}\"\n";
			showEnvVarsInLog = 0;
		};
/* End PBXShellScriptBuildPhase section */

/* Begin PBXSourcesBuildPhase section */
		6D62FAEB28DD755C0094426E /* Sources */ = {
			isa = PBXSourcesBuildPhase;
			buildActionMask = 2147483647;
			files = (
				6D62FB0728DD79A10094426E /* DevilNfcInstance.m in Sources */,
				6D62FB0328DD794C0094426E /* JevilNfc.m in Sources */,
			);
			runOnlyForDeploymentPostprocessing = 0;
		};
/* End PBXSourcesBuildPhase section */

/* Begin XCBuildConfiguration section */
		6D62FAF428DD755C0094426E /* Debug */ = {
			isa = XCBuildConfiguration;
			buildSettings = {
				ALWAYS_SEARCH_USER_PATHS = NO;
				CLANG_ANALYZER_NONNULL = YES;
				CLANG_ANALYZER_NUMBER_OBJECT_CONVERSION = YES_AGGRESSIVE;
				CLANG_CXX_LANGUAGE_STANDARD = "gnu++17";
				CLANG_ENABLE_MODULES = YES;
				CLANG_ENABLE_OBJC_ARC = YES;
				CLANG_ENABLE_OBJC_WEAK = YES;
				CLANG_WARN_BLOCK_CAPTURE_AUTORELEASING = YES;
				CLANG_WARN_BOOL_CONVERSION = YES;
				CLANG_WARN_COMMA = YES;
				CLANG_WARN_CONSTANT_CONVERSION = YES;
				CLANG_WARN_DEPRECATED_OBJC_IMPLEMENTATIONS = YES;
				CLANG_WARN_DIRECT_OBJC_ISA_USAGE = YES_ERROR;
				CLANG_WARN_DOCUMENTATION_COMMENTS = YES;
				CLANG_WARN_EMPTY_BODY = YES;
				CLANG_WARN_ENUM_CONVERSION = YES;
				CLANG_WARN_INFINITE_RECURSION = YES;
				CLANG_WARN_INT_CONVERSION = YES;
				CLANG_WARN_NON_LITERAL_NULL_CONVERSION = YES;
				CLANG_WARN_OBJC_IMPLICIT_RETAIN_SELF = YES;
				CLANG_WARN_OBJC_LITERAL_CONVERSION = YES;
				CLANG_WARN_OBJC_ROOT_CLASS = YES_ERROR;
				CLANG_WARN_QUOTED_INCLUDE_IN_FRAMEWORK_HEADER = YES;
				CLANG_WARN_RANGE_LOOP_ANALYSIS = YES;
				CLANG_WARN_STRICT_PROTOTYPES = YES;
				CLANG_WARN_SUSPICIOUS_MOVE = YES;
				CLANG_WARN_UNGUARDED_AVAILABILITY = YES_AGGRESSIVE;
				CLANG_WARN_UNREACHABLE_CODE = YES;
				CLANG_WARN__DUPLICATE_METHOD_MATCH = YES;
				COPY_PHASE_STRIP = NO;
				CURRENT_PROJECT_VERSION = 1;
				DEBUG_INFORMATION_FORMAT = dwarf;
				ENABLE_STRICT_OBJC_MSGSEND = YES;
				ENABLE_TESTABILITY = YES;
				GCC_C_LANGUAGE_STANDARD = gnu11;
				GCC_DYNAMIC_NO_PIC = NO;
				GCC_NO_COMMON_BLOCKS = YES;
				GCC_OPTIMIZATION_LEVEL = 0;
				GCC_PREPROCESSOR_DEFINITIONS = (
					"DEBUG=1",
					"$(inherited)",
				);
				GCC_WARN_64_TO_32_BIT_CONVERSION = YES;
				GCC_WARN_ABOUT_RETURN_TYPE = YES_ERROR;
				GCC_WARN_UNDECLARED_SELECTOR = YES;
				GCC_WARN_UNINITIALIZED_AUTOS = YES_AGGRESSIVE;
				GCC_WARN_UNUSED_FUNCTION = YES;
				GCC_WARN_UNUSED_VARIABLE = YES;
				IPHONEOS_DEPLOYMENT_TARGET = 15.5;
				MTL_ENABLE_DEBUG_INFO = INCLUDE_SOURCE;
				MTL_FAST_MATH = YES;
				ONLY_ACTIVE_ARCH = YES;
				SDKROOT = iphoneos;
				VERSIONING_SYSTEM = "apple-generic";
				VERSION_INFO_PREFIX = "";
			};
			name = Debug;
		};
		6D62FAF528DD755C0094426E /* Release */ = {
			isa = XCBuildConfiguration;
			buildSettings = {
				ALWAYS_SEARCH_USER_PATHS = NO;
				CLANG_ANALYZER_NONNULL = YES;
				CLANG_ANALYZER_NUMBER_OBJECT_CONVERSION = YES_AGGRESSIVE;
				CLANG_CXX_LANGUAGE_STANDARD = "gnu++17";
				CLANG_ENABLE_MODULES = YES;
				CLANG_ENABLE_OBJC_ARC = YES;
				CLANG_ENABLE_OBJC_WEAK = YES;
				CLANG_WARN_BLOCK_CAPTURE_AUTORELEASING = YES;
				CLANG_WARN_BOOL_CONVERSION = YES;
				CLANG_WARN_COMMA = YES;
				CLANG_WARN_CONSTANT_CONVERSION = YES;
				CLANG_WARN_DEPRECATED_OBJC_IMPLEMENTATIONS = YES;
				CLANG_WARN_DIRECT_OBJC_ISA_USAGE = YES_ERROR;
				CLANG_WARN_DOCUMENTATION_COMMENTS = YES;
				CLANG_WARN_EMPTY_BODY = YES;
				CLANG_WARN_ENUM_CONVERSION = YES;
				CLANG_WARN_INFINITE_RECURSION = YES;
				CLANG_WARN_INT_CONVERSION = YES;
				CLANG_WARN_NON_LITERAL_NULL_CONVERSION = YES;
				CLANG_WARN_OBJC_IMPLICIT_RETAIN_SELF = YES;
				CLANG_WARN_OBJC_LITERAL_CONVERSION = YES;
				CLANG_WARN_OBJC_ROOT_CLASS = YES_ERROR;
				CLANG_WARN_QUOTED_INCLUDE_IN_FRAMEWORK_HEADER = YES;
				CLANG_WARN_RANGE_LOOP_ANALYSIS = YES;
				CLANG_WARN_STRICT_PROTOTYPES = YES;
				CLANG_WARN_SUSPICIOUS_MOVE = YES;
				CLANG_WARN_UNGUARDED_AVAILABILITY = YES_AGGRESSIVE;
				CLANG_WARN_UNREACHABLE_CODE = YES;
				CLANG_WARN__DUPLICATE_METHOD_MATCH = YES;
				COPY_PHASE_STRIP = NO;
				CURRENT_PROJECT_VERSION = 1;
				DEBUG_INFORMATION_FORMAT = "dwarf-with-dsym";
				ENABLE_NS_ASSERTIONS = NO;
				ENABLE_STRICT_OBJC_MSGSEND = YES;
				GCC_C_LANGUAGE_STANDARD = gnu11;
				GCC_NO_COMMON_BLOCKS = YES;
				GCC_WARN_64_TO_32_BIT_CONVERSION = YES;
				GCC_WARN_ABOUT_RETURN_TYPE = YES_ERROR;
				GCC_WARN_UNDECLARED_SELECTOR = YES;
				GCC_WARN_UNINITIALIZED_AUTOS = YES_AGGRESSIVE;
				GCC_WARN_UNUSED_FUNCTION = YES;
				GCC_WARN_UNUSED_VARIABLE = YES;
				IPHONEOS_DEPLOYMENT_TARGET = 15.5;
				MTL_ENABLE_DEBUG_INFO = NO;
				MTL_FAST_MATH = YES;
				SDKROOT = iphoneos;
				VALIDATE_PRODUCT = YES;
				VERSIONING_SYSTEM = "apple-generic";
				VERSION_INFO_PREFIX = "";
			};
			name = Release;
		};
		6D62FAF728DD755C0094426E /* Debug */ = {
			isa = XCBuildConfiguration;
			baseConfigurationReference = 62303FEC0CFB4C5277065B53 /* Pods-devilnfc.debug.xcconfig */;
			buildSettings = {
				CODE_SIGN_STYLE = Automatic;
				CURRENT_PROJECT_VERSION = 1;
				DEFINES_MODULE = YES;
				DYLIB_COMPATIBILITY_VERSION = 1;
				DYLIB_CURRENT_VERSION = 1;
				DYLIB_INSTALL_NAME_BASE = "@rpath";
				GENERATE_INFOPLIST_FILE = YES;
				INFOPLIST_KEY_NSHumanReadableCopyright = "";
				INSTALL_PATH = "$(LOCAL_LIBRARY_DIR)/Frameworks";
				IPHONEOS_DEPLOYMENT_TARGET = 14.0;
				LD_RUNPATH_SEARCH_PATHS = (
					"$(inherited)",
					"@executable_path/Frameworks",
					"@loader_path/Frameworks",
				);
				MARKETING_VERSION = 1.0;
				PRODUCT_BUNDLE_IDENTIFIER = kr.co.july.devilnfc;
				PRODUCT_NAME = "$(TARGET_NAME:c99extidentifier)";
				SKIP_INSTALL = YES;
				SUPPORTS_MACCATALYST = NO;
				SWIFT_EMIT_LOC_STRINGS = YES;
				TARGETED_DEVICE_FAMILY = 1;
			};
			name = Debug;
		};
		6D62FAF828DD755C0094426E /* Release */ = {
			isa = XCBuildConfiguration;
			baseConfigurationReference = CA6F70E166B71333C6511FBD /* Pods-devilnfc.release.xcconfig */;
			buildSettings = {
				CODE_SIGN_STYLE = Automatic;
				CURRENT_PROJECT_VERSION = 1;
				DEFINES_MODULE = YES;
				DYLIB_COMPATIBILITY_VERSION = 1;
				DYLIB_CURRENT_VERSION = 1;
				DYLIB_INSTALL_NAME_BASE = "@rpath";
				GENERATE_INFOPLIST_FILE = YES;
				INFOPLIST_KEY_NSHumanReadableCopyright = "";
				INSTALL_PATH = "$(LOCAL_LIBRARY_DIR)/Frameworks";
				IPHONEOS_DEPLOYMENT_TARGET = 14.0;
				LD_RUNPATH_SEARCH_PATHS = (
					"$(inherited)",
					"@executable_path/Frameworks",
					"@loader_path/Frameworks",
				);
				MARKETING_VERSION = 1.0;
				PRODUCT_BUNDLE_IDENTIFIER = kr.co.july.devilnfc;
				PRODUCT_NAME = "$(TARGET_NAME:c99extidentifier)";
				SKIP_INSTALL = YES;
				SUPPORTS_MACCATALYST = NO;
				SWIFT_EMIT_LOC_STRINGS = YES;
				TARGETED_DEVICE_FAMILY = 1;
			};
			name = Release;
		};
/* End XCBuildConfiguration section */

/* Begin XCConfigurationList section */
		6D62FAE928DD755C0094426E /* Build configuration list for PBXProject "devilnfc" */ = {
			isa = XCConfigurationList;
			buildConfigurations = (
				6D62FAF428DD755C0094426E /* Debug */,
				6D62FAF528DD755C0094426E /* Release */,
			);
			defaultConfigurationIsVisible = 0;
			defaultConfigurationName = Release;
		};
		6D62FAF628DD755C0094426E /* Build configuration list for PBXNativeTarget "devilnfc" */ = {
			isa = XCConfigurationList;
			buildConfigurations = (
				6D62FAF728DD755C0094426E /* Debug */,
				6D62FAF828DD755C0094426E /* Release */,
			);
			defaultConfigurationIsVisible = 0;
			defaultConfigurationName = Release;
		};
/* End XCConfigurationList section */
	};
	rootObject = 6D62FAE628DD755C0094426E /* Project object */;
}
